// !$*UTF8*$!
{
	archiveVersion = 1;
	classes = {
	};
	objectVersion = 46;
	objects = {

/* Begin PBXBuildFile section */
		3183520A193EF9A500539F78 /* main.m in Sources */ = {isa = PBXBuildFile; fileRef = 31835209193EF9A500539F78 /* main.m */; };
		3183520D193EF9A500539F78 /* AppDelegate.m in Sources */ = {isa = PBXBuildFile; fileRef = 3183520C193EF9A500539F78 /* AppDelegate.m */; };
		31835210193EF9A500539F78 /* ViewController.m in Sources */ = {isa = PBXBuildFile; fileRef = 3183520F193EF9A500539F78 /* ViewController.m */; };
		31835213193EF9A500539F78 /* Main.storyboard in Resources */ = {isa = PBXBuildFile; fileRef = 31835211193EF9A500539F78 /* Main.storyboard */; };
		31835215193EF9A500539F78 /* Images.xcassets in Resources */ = {isa = PBXBuildFile; fileRef = 31835214193EF9A500539F78 /* Images.xcassets */; };
		31835221193EF9A600539F78 /* HelloTests.m in Sources */ = {isa = PBXBuildFile; fileRef = 31835220193EF9A600539F78 /* HelloTests.m */; };
		31EF712B1940D03000A9A542 /* button1.png in Resources */ = {isa = PBXBuildFile; fileRef = 31EF71291940D03000A9A542 /* button1.png */; };
		31EF712C1940D03000A9A542 /* button2.png in Resources */ = {isa = PBXBuildFile; fileRef = 31EF712A1940D03000A9A542 /* button2.png */; };
/* End PBXBuildFile section */

/* Begin PBXContainerItemProxy section */
		3183521B193EF9A600539F78 /* PBXContainerItemProxy */ = {
			isa = PBXContainerItemProxy;
			containerPortal = 318351FC193EF9A500539F78 /* Project object */;
			proxyType = 1;
			remoteGlobalIDString = 31835203193EF9A500539F78;
			remoteInfo = Hello;
		};
/* End PBXContainerItemProxy section */

/* Begin PBXFileReference section */
		31835204193EF9A500539F78 /* Hello.app */ = {isa = PBXFileReference; explicitFileType = wrapper.application; includeInIndex = 0; path = Hello.app; sourceTree = BUILT_PRODUCTS_DIR; };
		31835208193EF9A500539F78 /* Info.plist */ = {isa = PBXFileReference; lastKnownFileType = text.plist.xml; path = Info.plist; sourceTree = "<group>"; };
		31835209193EF9A500539F78 /* main.m */ = {isa = PBXFileReference; lastKnownFileType = sourcecode.c.objc; path = main.m; sourceTree = "<group>"; };
		3183520B193EF9A500539F78 /* AppDelegate.h */ = {isa = PBXFileReference; lastKnownFileType = sourcecode.c.h; path = AppDelegate.h; sourceTree = "<group>"; };
		3183520C193EF9A500539F78 /* AppDelegate.m */ = {isa = PBXFileReference; lastKnownFileType = sourcecode.c.objc; path = AppDelegate.m; sourceTree = "<group>"; };
		3183520E193EF9A500539F78 /* ViewController.h */ = {isa = PBXFileReference; lastKnownFileType = sourcecode.c.h; path = ViewController.h; sourceTree = "<group>"; };
		3183520F193EF9A500539F78 /* ViewController.m */ = {isa = PBXFileReference; lastKnownFileType = sourcecode.c.objc; path = ViewController.m; sourceTree = "<group>"; };
		31835212193EF9A500539F78 /* Base */ = {isa = PBXFileReference; lastKnownFileType = file.storyboard; name = Base; path = Base.lproj/Main.storyboard; sourceTree = "<group>"; };
		31835214193EF9A500539F78 /* Images.xcassets */ = {isa = PBXFileReference; lastKnownFileType = folder.assetcatalog; path = Images.xcassets; sourceTree = "<group>"; };
		3183521A193EF9A600539F78 /* HelloTests.xctest */ = {isa = PBXFileReference; explicitFileType = wrapper.cfbundle; includeInIndex = 0; path = HelloTests.xctest; sourceTree = BUILT_PRODUCTS_DIR; };
		3183521F193EF9A600539F78 /* Info.plist */ = {isa = PBXFileReference; lastKnownFileType = text.plist.xml; path = Info.plist; sourceTree = "<group>"; };
		31835220193EF9A600539F78 /* HelloTests.m */ = {isa = PBXFileReference; lastKnownFileType = sourcecode.c.objc; path = HelloTests.m; sourceTree = "<group>"; };
		31EF71291940D03000A9A542 /* button1.png */ = {isa = PBXFileReference; lastKnownFileType = image.png; path = button1.png; sourceTree = "<group>"; };
		31EF712A1940D03000A9A542 /* button2.png */ = {isa = PBXFileReference; lastKnownFileType = image.png; path = button2.png; sourceTree = "<group>"; };
/* End PBXFileReference section */

/* Begin PBXFrameworksBuildPhase section */
		31835201193EF9A500539F78 /* Frameworks */ = {
			isa = PBXFrameworksBuildPhase;
			buildActionMask = 2147483647;
			files = (
			);
			runOnlyForDeploymentPostprocessing = 0;
		};
		31835217193EF9A600539F78 /* Frameworks */ = {
			isa = PBXFrameworksBuildPhase;
			buildActionMask = 2147483647;
			files = (
			);
			runOnlyForDeploymentPostprocessing = 0;
		};
/* End PBXFrameworksBuildPhase section */

/* Begin PBXGroup section */
		318351FB193EF9A500539F78 = {
			isa = PBXGroup;
			children = (
				31835206193EF9A500539F78 /* Hello */,
				3183521D193EF9A600539F78 /* HelloTests */,
				31835205193EF9A500539F78 /* Products */,
			);
			sourceTree = "<group>";
		};
		31835205193EF9A500539F78 /* Products */ = {
			isa = PBXGroup;
			children = (
				31835204193EF9A500539F78 /* Hello.app */,
				3183521A193EF9A600539F78 /* HelloTests.xctest */,
			);
			name = Products;
			sourceTree = "<group>";
		};
		31835206193EF9A500539F78 /* Hello */ = {
			isa = PBXGroup;
			children = (
				31EF71281940D00B00A9A542 /* Image */,
				3183520B193EF9A500539F78 /* AppDelegate.h */,
				3183520C193EF9A500539F78 /* AppDelegate.m */,
				3183520E193EF9A500539F78 /* ViewController.h */,
				3183520F193EF9A500539F78 /* ViewController.m */,
				31835211193EF9A500539F78 /* Main.storyboard */,
				31835214193EF9A500539F78 /* Images.xcassets */,
				31835207193EF9A500539F78 /* Supporting Files */,
			);
			path = Hello;
			sourceTree = "<group>";
		};
		31835207193EF9A500539F78 /* Supporting Files */ = {
			isa = PBXGroup;
			children = (
				31835208193EF9A500539F78 /* Info.plist */,
				31835209193EF9A500539F78 /* main.m */,
			);
			name = "Supporting Files";
			sourceTree = "<group>";
		};
		3183521D193EF9A600539F78 /* HelloTests */ = {
			isa = PBXGroup;
			children = (
				31835220193EF9A600539F78 /* HelloTests.m */,
				3183521E193EF9A600539F78 /* Supporting Files */,
			);
			path = HelloTests;
			sourceTree = "<group>";
		};
		3183521E193EF9A600539F78 /* Supporting Files */ = {
			isa = PBXGroup;
			children = (
				3183521F193EF9A600539F78 /* Info.plist */,
			);
			name = "Supporting Files";
			sourceTree = "<group>";
		};
		31EF71281940D00B00A9A542 /* Image */ = {
			isa = PBXGroup;
			children = (
				31EF71291940D03000A9A542 /* button1.png */,
				31EF712A1940D03000A9A542 /* button2.png */,
			);
			name = Image;
			sourceTree = "<group>";
		};
/* End PBXGroup section */

/* Begin PBXNativeTarget section */
		31835203193EF9A500539F78 /* Hello */ = {
			isa = PBXNativeTarget;
			buildConfigurationList = 31835224193EF9A600539F78 /* Build configuration list for PBXNativeTarget "Hello" */;
			buildPhases = (
				31835200193EF9A500539F78 /* Sources */,
				31835201193EF9A500539F78 /* Frameworks */,
				31835202193EF9A500539F78 /* Resources */,
			);
			buildRules = (
			);
			dependencies = (
			);
			name = Hello;
			productName = Hello;
			productReference = 31835204193EF9A500539F78 /* Hello.app */;
			productType = "com.apple.product-type.application";
		};
		31835219193EF9A600539F78 /* HelloTests */ = {
			isa = PBXNativeTarget;
			buildConfigurationList = 31835227193EF9A600539F78 /* Build configuration list for PBXNativeTarget "HelloTests" */;
			buildPhases = (
				31835216193EF9A600539F78 /* Sources */,
				31835217193EF9A600539F78 /* Frameworks */,
				31835218193EF9A600539F78 /* Resources */,
			);
			buildRules = (
			);
			dependencies = (
				3183521C193EF9A600539F78 /* PBXTargetDependency */,
			);
			name = HelloTests;
			productName = HelloTests;
			productReference = 3183521A193EF9A600539F78 /* HelloTests.xctest */;
			productType = "com.apple.product-type.bundle.unit-test";
		};
/* End PBXNativeTarget section */

/* Begin PBXProject section */
		318351FC193EF9A500539F78 /* Project object */ = {
			isa = PBXProject;
			attributes = {
				LastUpgradeCheck = 0600;
				ORGANIZATIONNAME = bingoogol;
				TargetAttributes = {
					31835203193EF9A500539F78 = {
						CreatedOnToolsVersion = 6.0;
					};
					31835219193EF9A600539F78 = {
						CreatedOnToolsVersion = 6.0;
						TestTargetID = 31835203193EF9A500539F78;
					};
				};
			};
			buildConfigurationList = 318351FF193EF9A500539F78 /* Build configuration list for PBXProject "Hello" */;
			compatibilityVersion = "Xcode 3.2";
			developmentRegion = English;
			hasScannedForEncodings = 0;
			knownRegions = (
				en,
				Base,
			);
			mainGroup = 318351FB193EF9A500539F78;
			productRefGroup = 31835205193EF9A500539F78 /* Products */;
			projectDirPath = "";
			projectRoot = "";
			targets = (
				31835203193EF9A500539F78 /* Hello */,
				31835219193EF9A600539F78 /* HelloTests */,
			);
		};
/* End PBXProject section */

/* Begin PBXResourcesBuildPhase section */
		31835202193EF9A500539F78 /* Resources */ = {
			isa = PBXResourcesBuildPhase;
			buildActionMask = 2147483647;
			files = (
				31EF712C1940D03000A9A542 /* button2.png in Resources */,
				31835213193EF9A500539F78 /* Main.storyboard in Resources */,
				31835215193EF9A500539F78 /* Images.xcassets in Resources */,
				31EF712B1940D03000A9A542 /* button1.png in Resources */,
			);
			runOnlyForDeploymentPostprocessing = 0;
		};
		31835218193EF9A600539F78 /* Resources */ = {
			isa = PBXResourcesBuildPhase;
			buildActionMask = 2147483647;
			files = (
			);
			runOnlyForDeploymentPostprocessing = 0;
		};
/* End PBXResourcesBuildPhase section */

/* Begin PBXSourcesBuildPhase section */
		31835200193EF9A500539F78 /* Sources */ = {
			isa = PBXSourcesBuildPhase;
			buildActionMask = 2147483647;
			files = (
				31835210193EF9A500539F78 /* ViewController.m in Sources */,
				3183520D193EF9A500539F78 /* AppDelegate.m in Sources */,
				3183520A193EF9A500539F78 /* main.m in Sources */,
			);
			runOnlyForDeploymentPostprocessing = 0;
		};
		31835216193EF9A600539F78 /* Sources */ = {
			isa = PBXSourcesBuildPhase;
			buildActionMask = 2147483647;
			files = (
				31835221193EF9A600539F78 /* HelloTests.m in Sources */,
			);
			runOnlyForDeploymentPostprocessing = 0;
		};
/* End PBXSourcesBuildPhase section */

/* Begin PBXTargetDependency section */
		3183521C193EF9A600539F78 /* PBXTargetDependency */ = {
			isa = PBXTargetDependency;
			target = 31835203193EF9A500539F78 /* Hello */;
			targetProxy = 3183521B193EF9A600539F78 /* PBXContainerItemProxy */;
		};
/* End PBXTargetDependency section */

/* Begin PBXVariantGroup section */
		31835211193EF9A500539F78 /* Main.storyboard */ = {
			isa = PBXVariantGroup;
			children = (
				31835212193EF9A500539F78 /* Base */,
			);
			name = Main.storyboard;
			sourceTree = "<group>";
		};
/* End PBXVariantGroup section */

/* Begin XCBuildConfiguration section */
		31835222193EF9A600539F78 /* Debug */ = {
			isa = XCBuildConfiguration;
			buildSettings = {
				ALWAYS_SEARCH_USER_PATHS = NO;
				CLANG_CXX_LANGUAGE_STANDARD = "gnu++0x";
				CLANG_CXX_LIBRARY = "libc++";
				CLANG_ENABLE_MODULES = YES;
				CLANG_ENABLE_OBJC_ARC = YES;
				CLANG_WARN_BOOL_CONVERSION = YES;
				CLANG_WARN_CONSTANT_CONVERSION = YES;
				CLANG_WARN_DIRECT_OBJC_ISA_USAGE = YES_ERROR;
				CLANG_WARN_EMPTY_BODY = YES;
				CLANG_WARN_ENUM_CONVERSION = YES;
				CLANG_WARN_INT_CONVERSION = YES;
				CLANG_WARN_OBJC_ROOT_CLASS = YES_ERROR;
				CLANG_WARN_UNREACHABLE_CODE = YES;
				CLANG_WARN__DUPLICATE_METHOD_MATCH = YES;
				"CODE_SIGN_IDENTITY[sdk=iphoneos*]" = "iPhone Developer";
				COPY_PHASE_STRIP = NO;
				ENABLE_STRICT_OBJC_MSGSEND = YES;
				GCC_C_LANGUAGE_STANDARD = gnu99;
				GCC_DYNAMIC_NO_PIC = NO;
				GCC_OPTIMIZATION_LEVEL = 0;
				GCC_PREPROCESSOR_DEFINITIONS = (
					"DEBUG=1",
					"$(inherited)",
				);
				GCC_SYMBOLS_PRIVATE_EXTERN = NO;
				GCC_WARN_64_TO_32_BIT_CONVERSION = YES;
				GCC_WARN_ABOUT_RETURN_TYPE = YES_ERROR;
				GCC_WARN_UNDECLARED_SELECTOR = YES;
				GCC_WARN_UNINITIALIZED_AUTOS = YES_AGGRESSIVE;
				GCC_WARN_UNUSED_FUNCTION = YES;
				GCC_WARN_UNUSED_VARIABLE = YES;
				IPHONEOS_DEPLOYMENT_TARGET = 8.0;
				METAL_ENABLE_DEBUG_INFO = YES;
				ONLY_ACTIVE_ARCH = YES;
				SDKROOT = iphoneos;
			};
			name = Debug;
		};
		31835223193EF9A600539F78 /* Release */ = {
			isa = XCBuildConfiguration;
			buildSettings = {
				ALWAYS_SEARCH_USER_PATHS = NO;
				CLANG_CXX_LANGUAGE_STANDARD = "gnu++0x";
				CLANG_CXX_LIBRARY = "libc++";
				CLANG_ENABLE_MODULES = YES;
				CLANG_ENABLE_OBJC_ARC = YES;
				CLANG_WARN_BOOL_CONVERSION = YES;
				CLANG_WARN_CONSTANT_CONVERSION = YES;
				CLANG_WARN_DIRECT_OBJC_ISA_USAGE = YES_ERROR;
				CLANG_WARN_EMPTY_BODY = YES;
				CLANG_WARN_ENUM_CONVERSION = YES;
				CLANG_WARN_INT_CONVERSION = YES;
				CLANG_WARN_OBJC_ROOT_CLASS = YES_ERROR;
				CLANG_WARN_UNREACHABLE_CODE = YES;
				CLANG_WARN__DUPLICATE_METHOD_MATCH = YES;
				"CODE_SIGN_IDENTITY[sdk=iphoneos*]" = "iPhone Developer";
				COPY_PHASE_STRIP = YES;
				ENABLE_NS_ASSERTIONS = NO;
				ENABLE_STRICT_OBJC_MSGSEND = YES;
				GCC_C_LANGUAGE_STANDARD = gnu99;
				GCC_WARN_64_TO_32_BIT_CONVERSION = YES;
				GCC_WARN_ABOUT_RETURN_TYPE = YES_ERROR;
				GCC_WARN_UNDECLARED_SELECTOR = YES;
				GCC_WARN_UNINITIALIZED_AUTOS = YES_AGGRESSIVE;
				GCC_WARN_UNUSED_FUNCTION = YES;
				GCC_WARN_UNUSED_VARIABLE = YES;
				IPHONEOS_DEPLOYMENT_TARGET = 8.0;
				METAL_ENABLE_DEBUG_INFO = NO;
				SDKROOT = iphoneos;
				VALIDATE_PRODUCT = YES;
			};
			name = Release;
		};
		31835225193EF9A600539F78 /* Debug */ = {
			isa = XCBuildConfiguration;
			buildSettings = {
				ASSETCATALOG_COMPILER_APPICON_NAME = AppIcon;
				ASSETCATALOG_COMPILER_LAUNCHIMAGE_NAME = LaunchImage;
				CODE_SIGN_IDENTITY = "iPhone Developer";
				INFOPLIST_FILE = Hello/Info.plist;
				LD_RUNPATH_SEARCH_PATHS = "$(inherited) @executable_path/Frameworks";
				PRODUCT_NAME = "$(TARGET_NAME)";
			};
			name = Debug;
		};
		31835226193EF9A600539F78 /* Release */ = {
			isa = XCBuildConfiguration;
			buildSettings = {
				ASSETCATALOG_COMPILER_APPICON_NAME = AppIcon;
				ASSETCATALOG_COMPILER_LAUNCHIMAGE_NAME = LaunchImage;
				CODE_SIGN_IDENTITY = "iPhone Developer";
				INFOPLIST_FILE = Hello/Info.plist;
				LD_RUNPATH_SEARCH_PATHS = "$(inherited) @executable_path/Frameworks";
				PRODUCT_NAME = "$(TARGET_NAME)";
			};
			name = Release;
		};
		31835228193EF9A600539F78 /* Debug */ = {
			isa = XCBuildConfiguration;
			buildSettings = {
				BUNDLE_LOADER = "$(BUILT_PRODUCTS_DIR)/Hello.app/Hello";
				FRAMEWORK_SEARCH_PATHS = (
					"$(SDKROOT)/Developer/Library/Frameworks",
					"$(inherited)",
				);
				GCC_PREPROCESSOR_DEFINITIONS = (
					"DEBUG=1",
					"$(inherited)",
				);
				INFOPLIST_FILE = HelloTests/Info.plist;
				LD_RUNPATH_SEARCH_PATHS = "$(inherited) @executable_path/Frameworks @loader_path/Frameworks";
				METAL_ENABLE_DEBUG_INFO = YES;
				PRODUCT_NAME = "$(TARGET_NAME)";
				TEST_HOST = "$(BUNDLE_LOADER)";
			};
			name = Debug;
		};
		31835229193EF9A600539F78 /* Release */ = {
			isa = XCBuildConfiguration;
			buildSettings = {
				BUNDLE_LOADER = "$(BUILT_PRODUCTS_DIR)/Hello.app/Hello";
				FRAMEWORK_SEARCH_PATHS = (
					"$(SDKROOT)/Developer/Library/Frameworks",
					"$(inherited)",
				);
				INFOPLIST_FILE = HelloTests/Info.plist;
				LD_RUNPATH_SEARCH_PATHS = "$(inherited) @executable_path/Frameworks @loader_path/Frameworks";
				METAL_ENABLE_DEBUG_INFO = NO;
				PRODUCT_NAME = "$(TARGET_NAME)";
				TEST_HOST = "$(BUNDLE_LOADER)";
			};
			name = Release;
		};
/* End XCBuildConfiguration section */

/* Begin XCConfigurationList section */
		318351FF193EF9A500539F78 /* Build configuration list for PBXProject "Hello" */ = {
			isa = XCConfigurationList;
			buildConfigurations = (
				31835222193EF9A600539F78 /* Debug */,
				31835223193EF9A600539F78 /* Release */,
			);
			defaultConfigurationIsVisible = 0;
			defaultConfigurationName = Release;
		};
		31835224193EF9A600539F78 /* Build configuration list for PBXNativeTarget "Hello" */ = {
			isa = XCConfigurationList;
			buildConfigurations = (
				31835225193EF9A600539F78 /* Debug */,
				31835226193EF9A600539F78 /* Release */,
			);
			defaultConfigurationIsVisible = 0;
			defaultConfigurationName = Release;
		};
		31835227193EF9A600539F78 /* Build configuration list for PBXNativeTarget "HelloTests" */ = {
			isa = XCConfigurationList;
			buildConfigurations = (
				31835228193EF9A600539F78 /* Debug */,
				31835229193EF9A600539F78 /* Release */,
			);
			defaultConfigurationIsVisible = 0;
			defaultConfigurationName = Release;
		};
/* End XCConfigurationList section */
	};
	rootObject = 318351FC193EF9A500539F78 /* Project object */;
}
