// !$*UTF8*$!
{
	archiveVersion = 1;
	classes = {
	};
	objectVersion = 46;
	objects = {

/* Begin PBXBuildFile section */
		311F251B1ADC04CF00584995 /* main.m in Sources */ = {isa = PBXBuildFile; fileRef = 311F251A1ADC04CF00584995 /* main.m */; };
		311F251E1ADC04CF00584995 /* AppDelegate.m in Sources */ = {isa = PBXBuildFile; fileRef = 311F251D1ADC04CF00584995 /* AppDelegate.m */; };
		311F25211ADC04CF00584995 /* ViewController.m in Sources */ = {isa = PBXBuildFile; fileRef = 311F25201ADC04CF00584995 /* ViewController.m */; };
		311F25241ADC04CF00584995 /* Main.storyboard in Resources */ = {isa = PBXBuildFile; fileRef = 311F25221ADC04CF00584995 /* Main.storyboard */; };
		311F25261ADC04CF00584995 /* Images.xcassets in Resources */ = {isa = PBXBuildFile; fileRef = 311F25251ADC04CF00584995 /* Images.xcassets */; };
		311F25291ADC04CF00584995 /* LaunchScreen.xib in Resources */ = {isa = PBXBuildFile; fileRef = 311F25271ADC04CF00584995 /* LaunchScreen.xib */; };
		311F25351ADC04CF00584995 /* TestStaticLibraryTests.m in Sources */ = {isa = PBXBuildFile; fileRef = 311F25341ADC04CF00584995 /* TestStaticLibraryTests.m */; };
		311F254D1ADC0AEA00584995 /* BGATool.bundle in Resources */ = {isa = PBXBuildFile; fileRef = 311F254C1ADC0AEA00584995 /* BGATool.bundle */; };
		311F254F1ADC0C7D00584995 /* touxiang.jpg in Resources */ = {isa = PBXBuildFile; fileRef = 311F254E1ADC0C7D00584995 /* touxiang.jpg */; };
		311F25551ADC103C00584995 /* BGATool.a in Frameworks */ = {isa = PBXBuildFile; fileRef = 311F25541ADC103C00584995 /* BGATool.a */; };
/* End PBXBuildFile section */

/* Begin PBXContainerItemProxy section */
		311F252F1ADC04CF00584995 /* PBXContainerItemProxy */ = {
			isa = PBXContainerItemProxy;
			containerPortal = 311F250D1ADC04CF00584995 /* Project object */;
			proxyType = 1;
			remoteGlobalIDString = 311F25141ADC04CF00584995;
			remoteInfo = TestStaticLibrary;
		};
/* End PBXContainerItemProxy section */

/* Begin PBXFileReference section */
		311F25151ADC04CF00584995 /* TestStaticLibrary.app */ = {isa = PBXFileReference; explicitFileType = wrapper.application; includeInIndex = 0; path = TestStaticLibrary.app; sourceTree = BUILT_PRODUCTS_DIR; };
		311F25191ADC04CF00584995 /* Info.plist */ = {isa = PBXFileReference; lastKnownFileType = text.plist.xml; path = Info.plist; sourceTree = "<group>"; };
		311F251A1ADC04CF00584995 /* main.m */ = {isa = PBXFileReference; lastKnownFileType = sourcecode.c.objc; path = main.m; sourceTree = "<group>"; };
		311F251C1ADC04CF00584995 /* AppDelegate.h */ = {isa = PBXFileReference; lastKnownFileType = sourcecode.c.h; path = AppDelegate.h; sourceTree = "<group>"; };
		311F251D1ADC04CF00584995 /* AppDelegate.m */ = {isa = PBXFileReference; lastKnownFileType = sourcecode.c.objc; path = AppDelegate.m; sourceTree = "<group>"; };
		311F251F1ADC04CF00584995 /* ViewController.h */ = {isa = PBXFileReference; lastKnownFileType = sourcecode.c.h; path = ViewController.h; sourceTree = "<group>"; };
		311F25201ADC04CF00584995 /* ViewController.m */ = {isa = PBXFileReference; lastKnownFileType = sourcecode.c.objc; path = ViewController.m; sourceTree = "<group>"; };
		311F25231ADC04CF00584995 /* Base */ = {isa = PBXFileReference; lastKnownFileType = file.storyboard; name = Base; path = Base.lproj/Main.storyboard; sourceTree = "<group>"; };
		311F25251ADC04CF00584995 /* Images.xcassets */ = {isa = PBXFileReference; lastKnownFileType = folder.assetcatalog; path = Images.xcassets; sourceTree = "<group>"; };
		311F25281ADC04CF00584995 /* Base */ = {isa = PBXFileReference; lastKnownFileType = file.xib; name = Base; path = Base.lproj/LaunchScreen.xib; sourceTree = "<group>"; };
		311F252E1ADC04CF00584995 /* TestStaticLibraryTests.xctest */ = {isa = PBXFileReference; explicitFileType = wrapper.cfbundle; includeInIndex = 0; path = TestStaticLibraryTests.xctest; sourceTree = BUILT_PRODUCTS_DIR; };
		311F25331ADC04CF00584995 /* Info.plist */ = {isa = PBXFileReference; lastKnownFileType = text.plist.xml; path = Info.plist; sourceTree = "<group>"; };
		311F25341ADC04CF00584995 /* TestStaticLibraryTests.m */ = {isa = PBXFileReference; lastKnownFileType = sourcecode.c.objc; path = TestStaticLibraryTests.m; sourceTree = "<group>"; };
		311F25451ADC078800584995 /* BGATool.h */ = {isa = PBXFileReference; lastKnownFileType = sourcecode.c.h; path = BGATool.h; sourceTree = "<group>"; };
		311F254C1ADC0AEA00584995 /* BGATool.bundle */ = {isa = PBXFileReference; lastKnownFileType = "wrapper.plug-in"; path = BGATool.bundle; sourceTree = "<group>"; };
		311F254E1ADC0C7D00584995 /* touxiang.jpg */ = {isa = PBXFileReference; lastKnownFileType = image.jpeg; path = touxiang.jpg; sourceTree = "<group>"; };
		311F25541ADC103C00584995 /* BGATool.a */ = {isa = PBXFileReference; lastKnownFileType = archive.ar; path = BGATool.a; sourceTree = "<group>"; };
/* End PBXFileReference section */

/* Begin PBXFrameworksBuildPhase section */
		311F25121ADC04CF00584995 /* Frameworks */ = {
			isa = PBXFrameworksBuildPhase;
			buildActionMask = 2147483647;
			files = (
				311F25551ADC103C00584995 /* BGATool.a in Frameworks */,
			);
			runOnlyForDeploymentPostprocessing = 0;
		};
		311F252B1ADC04CF00584995 /* Frameworks */ = {
			isa = PBXFrameworksBuildPhase;
			buildActionMask = 2147483647;
			files = (
			);
			runOnlyForDeploymentPostprocessing = 0;
		};
/* End PBXFrameworksBuildPhase section */

/* Begin PBXGroup section */
		311F250C1ADC04CF00584995 = {
			isa = PBXGroup;
			children = (
				311F25171ADC04CF00584995 /* TestStaticLibrary */,
				311F25311ADC04CF00584995 /* TestStaticLibraryTests */,
				311F25161ADC04CF00584995 /* Products */,
			);
			sourceTree = "<group>";
		};
		311F25161ADC04CF00584995 /* Products */ = {
			isa = PBXGroup;
			children = (
				311F25151ADC04CF00584995 /* TestStaticLibrary.app */,
				311F252E1ADC04CF00584995 /* TestStaticLibraryTests.xctest */,
			);
			name = Products;
			sourceTree = "<group>";
		};
		311F25171ADC04CF00584995 /* TestStaticLibrary */ = {
			isa = PBXGroup;
			children = (
				311F25541ADC103C00584995 /* BGATool.a */,
				311F254C1ADC0AEA00584995 /* BGATool.bundle */,
				311F25451ADC078800584995 /* BGATool.h */,
				311F251C1ADC04CF00584995 /* AppDelegate.h */,
				311F251D1ADC04CF00584995 /* AppDelegate.m */,
				311F251F1ADC04CF00584995 /* ViewController.h */,
				311F25201ADC04CF00584995 /* ViewController.m */,
				311F25221ADC04CF00584995 /* Main.storyboard */,
				311F25251ADC04CF00584995 /* Images.xcassets */,
				311F25271ADC04CF00584995 /* LaunchScreen.xib */,
				311F25181ADC04CF00584995 /* Supporting Files */,
			);
			path = TestStaticLibrary;
			sourceTree = "<group>";
		};
		311F25181ADC04CF00584995 /* Supporting Files */ = {
			isa = PBXGroup;
			children = (
				311F254E1ADC0C7D00584995 /* touxiang.jpg */,
				311F25191ADC04CF00584995 /* Info.plist */,
				311F251A1ADC04CF00584995 /* main.m */,
			);
			name = "Supporting Files";
			sourceTree = "<group>";
		};
		311F25311ADC04CF00584995 /* TestStaticLibraryTests */ = {
			isa = PBXGroup;
			children = (
				311F25341ADC04CF00584995 /* TestStaticLibraryTests.m */,
				311F25321ADC04CF00584995 /* Supporting Files */,
			);
			path = TestStaticLibraryTests;
			sourceTree = "<group>";
		};
		311F25321ADC04CF00584995 /* Supporting Files */ = {
			isa = PBXGroup;
			children = (
				311F25331ADC04CF00584995 /* Info.plist */,
			);
			name = "Supporting Files";
			sourceTree = "<group>";
		};
/* End PBXGroup section */

/* Begin PBXNativeTarget section */
		311F25141ADC04CF00584995 /* TestStaticLibrary */ = {
			isa = PBXNativeTarget;
			buildConfigurationList = 311F25381ADC04CF00584995 /* Build configuration list for PBXNativeTarget "TestStaticLibrary" */;
			buildPhases = (
				311F25111ADC04CF00584995 /* Sources */,
				311F25121ADC04CF00584995 /* Frameworks */,
				311F25131ADC04CF00584995 /* Resources */,
			);
			buildRules = (
			);
			dependencies = (
			);
			name = TestStaticLibrary;
			productName = TestStaticLibrary;
			productReference = 311F25151ADC04CF00584995 /* TestStaticLibrary.app */;
			productType = "com.apple.product-type.application";
		};
		311F252D1ADC04CF00584995 /* TestStaticLibraryTests */ = {
			isa = PBXNativeTarget;
			buildConfigurationList = 311F253B1ADC04CF00584995 /* Build configuration list for PBXNativeTarget "TestStaticLibraryTests" */;
			buildPhases = (
				311F252A1ADC04CF00584995 /* Sources */,
				311F252B1ADC04CF00584995 /* Frameworks */,
				311F252C1ADC04CF00584995 /* Resources */,
			);
			buildRules = (
			);
			dependencies = (
				311F25301ADC04CF00584995 /* PBXTargetDependency */,
			);
			name = TestStaticLibraryTests;
			productName = TestStaticLibraryTests;
			productReference = 311F252E1ADC04CF00584995 /* TestStaticLibraryTests.xctest */;
			productType = "com.apple.product-type.bundle.unit-test";
		};
/* End PBXNativeTarget section */

/* Begin PBXProject section */
		311F250D1ADC04CF00584995 /* Project object */ = {
			isa = PBXProject;
			attributes = {
				LastUpgradeCheck = 0630;
				ORGANIZATIONNAME = bingoogolapple;
				TargetAttributes = {
					311F25141ADC04CF00584995 = {
						CreatedOnToolsVersion = 6.3;
					};
					311F252D1ADC04CF00584995 = {
						CreatedOnToolsVersion = 6.3;
						TestTargetID = 311F25141ADC04CF00584995;
					};
				};
			};
			buildConfigurationList = 311F25101ADC04CF00584995 /* Build configuration list for PBXProject "TestStaticLibrary" */;
			compatibilityVersion = "Xcode 3.2";
			developmentRegion = English;
			hasScannedForEncodings = 0;
			knownRegions = (
				en,
				Base,
			);
			mainGroup = 311F250C1ADC04CF00584995;
			productRefGroup = 311F25161ADC04CF00584995 /* Products */;
			projectDirPath = "";
			projectRoot = "";
			targets = (
				311F25141ADC04CF00584995 /* TestStaticLibrary */,
				311F252D1ADC04CF00584995 /* TestStaticLibraryTests */,
			);
		};
/* End PBXProject section */

/* Begin PBXResourcesBuildPhase section */
		311F25131ADC04CF00584995 /* Resources */ = {
			isa = PBXResourcesBuildPhase;
			buildActionMask = 2147483647;
			files = (
				311F25241ADC04CF00584995 /* Main.storyboard in Resources */,
				311F25291ADC04CF00584995 /* LaunchScreen.xib in Resources */,
				311F254D1ADC0AEA00584995 /* BGATool.bundle in Resources */,
				311F25261ADC04CF00584995 /* Images.xcassets in Resources */,
				311F254F1ADC0C7D00584995 /* touxiang.jpg in Resources */,
			);
			runOnlyForDeploymentPostprocessing = 0;
		};
		311F252C1ADC04CF00584995 /* Resources */ = {
			isa = PBXResourcesBuildPhase;
			buildActionMask = 2147483647;
			files = (
			);
			runOnlyForDeploymentPostprocessing = 0;
		};
/* End PBXResourcesBuildPhase section */

/* Begin PBXSourcesBuildPhase section */
		311F25111ADC04CF00584995 /* Sources */ = {
			isa = PBXSourcesBuildPhase;
			buildActionMask = 2147483647;
			files = (
				311F25211ADC04CF00584995 /* ViewController.m in Sources */,
				311F251E1ADC04CF00584995 /* AppDelegate.m in Sources */,
				311F251B1ADC04CF00584995 /* main.m in Sources */,
			);
			runOnlyForDeploymentPostprocessing = 0;
		};
		311F252A1ADC04CF00584995 /* Sources */ = {
			isa = PBXSourcesBuildPhase;
			buildActionMask = 2147483647;
			files = (
				311F25351ADC04CF00584995 /* TestStaticLibraryTests.m in Sources */,
			);
			runOnlyForDeploymentPostprocessing = 0;
		};
/* End PBXSourcesBuildPhase section */

/* Begin PBXTargetDependency section */
		311F25301ADC04CF00584995 /* PBXTargetDependency */ = {
			isa = PBXTargetDependency;
			target = 311F25141ADC04CF00584995 /* TestStaticLibrary */;
			targetProxy = 311F252F1ADC04CF00584995 /* PBXContainerItemProxy */;
		};
/* End PBXTargetDependency section */

/* Begin PBXVariantGroup section */
		311F25221ADC04CF00584995 /* Main.storyboard */ = {
			isa = PBXVariantGroup;
			children = (
				311F25231ADC04CF00584995 /* Base */,
			);
			name = Main.storyboard;
			sourceTree = "<group>";
		};
		311F25271ADC04CF00584995 /* LaunchScreen.xib */ = {
			isa = PBXVariantGroup;
			children = (
				311F25281ADC04CF00584995 /* Base */,
			);
			name = LaunchScreen.xib;
			sourceTree = "<group>";
		};
/* End PBXVariantGroup section */

/* Begin XCBuildConfiguration section */
		311F25361ADC04CF00584995 /* Debug */ = {
			isa = XCBuildConfiguration;
			buildSettings = {
				ALWAYS_SEARCH_USER_PATHS = NO;
				CLANG_CXX_LANGUAGE_STANDARD = "gnu++0x";
				CLANG_CXX_LIBRARY = "libc++";
				CLANG_ENABLE_MODULES = YES;
				CLANG_ENABLE_OBJC_ARC = YES;
				CLANG_WARN_BOOL_CONVERSION = YES;
				CLANG_WARN_CONSTANT_CONVERSION = YES;
				CLANG_WARN_DIRECT_OBJC_ISA_USAGE = YES_ERROR;
				CLANG_WARN_EMPTY_BODY = YES;
				CLANG_WARN_ENUM_CONVERSION = YES;
				CLANG_WARN_INT_CONVERSION = YES;
				CLANG_WARN_OBJC_ROOT_CLASS = YES_ERROR;
				CLANG_WARN_UNREACHABLE_CODE = YES;
				CLANG_WARN__DUPLICATE_METHOD_MATCH = YES;
				"CODE_SIGN_IDENTITY[sdk=iphoneos*]" = "iPhone Developer";
				COPY_PHASE_STRIP = NO;
				DEBUG_INFORMATION_FORMAT = "dwarf-with-dsym";
				ENABLE_STRICT_OBJC_MSGSEND = YES;
				GCC_C_LANGUAGE_STANDARD = gnu99;
				GCC_DYNAMIC_NO_PIC = NO;
				GCC_NO_COMMON_BLOCKS = YES;
				GCC_OPTIMIZATION_LEVEL = 0;
				GCC_PREPROCESSOR_DEFINITIONS = (
					"DEBUG=1",
					"$(inherited)",
				);
				GCC_SYMBOLS_PRIVATE_EXTERN = NO;
				GCC_WARN_64_TO_32_BIT_CONVERSION = YES;
				GCC_WARN_ABOUT_RETURN_TYPE = YES_ERROR;
				GCC_WARN_UNDECLARED_SELECTOR = YES;
				GCC_WARN_UNINITIALIZED_AUTOS = YES_AGGRESSIVE;
				GCC_WARN_UNUSED_FUNCTION = YES;
				GCC_WARN_UNUSED_VARIABLE = YES;
				IPHONEOS_DEPLOYMENT_TARGET = 8.3;
				MTL_ENABLE_DEBUG_INFO = YES;
				ONLY_ACTIVE_ARCH = YES;
				SDKROOT = iphoneos;
			};
			name = Debug;
		};
		311F25371ADC04CF00584995 /* Release */ = {
			isa = XCBuildConfiguration;
			buildSettings = {
				ALWAYS_SEARCH_USER_PATHS = NO;
				CLANG_CXX_LANGUAGE_STANDARD = "gnu++0x";
				CLANG_CXX_LIBRARY = "libc++";
				CLANG_ENABLE_MODULES = YES;
				CLANG_ENABLE_OBJC_ARC = YES;
				CLANG_WARN_BOOL_CONVERSION = YES;
				CLANG_WARN_CONSTANT_CONVERSION = YES;
				CLANG_WARN_DIRECT_OBJC_ISA_USAGE = YES_ERROR;
				CLANG_WARN_EMPTY_BODY = YES;
				CLANG_WARN_ENUM_CONVERSION = YES;
				CLANG_WARN_INT_CONVERSION = YES;
				CLANG_WARN_OBJC_ROOT_CLASS = YES_ERROR;
				CLANG_WARN_UNREACHABLE_CODE = YES;
				CLANG_WARN__DUPLICATE_METHOD_MATCH = YES;
				"CODE_SIGN_IDENTITY[sdk=iphoneos*]" = "iPhone Developer";
				COPY_PHASE_STRIP = NO;
				DEBUG_INFORMATION_FORMAT = "dwarf-with-dsym";
				ENABLE_NS_ASSERTIONS = NO;
				ENABLE_STRICT_OBJC_MSGSEND = YES;
				GCC_C_LANGUAGE_STANDARD = gnu99;
				GCC_NO_COMMON_BLOCKS = YES;
				GCC_WARN_64_TO_32_BIT_CONVERSION = YES;
				GCC_WARN_ABOUT_RETURN_TYPE = YES_ERROR;
				GCC_WARN_UNDECLARED_SELECTOR = YES;
				GCC_WARN_UNINITIALIZED_AUTOS = YES_AGGRESSIVE;
				GCC_WARN_UNUSED_FUNCTION = YES;
				GCC_WARN_UNUSED_VARIABLE = YES;
				IPHONEOS_DEPLOYMENT_TARGET = 8.3;
				MTL_ENABLE_DEBUG_INFO = NO;
				SDKROOT = iphoneos;
				VALIDATE_PRODUCT = YES;
			};
			name = Release;
		};
		311F25391ADC04CF00584995 /* Debug */ = {
			isa = XCBuildConfiguration;
			buildSettings = {
				ASSETCATALOG_COMPILER_APPICON_NAME = AppIcon;
				INFOPLIST_FILE = TestStaticLibrary/Info.plist;
				LD_RUNPATH_SEARCH_PATHS = "$(inherited) @executable_path/Frameworks";
				LIBRARY_SEARCH_PATHS = (
					"$(inherited)",
					"$(PROJECT_DIR)/TestStaticLibrary",
				);
				PRODUCT_NAME = "$(TARGET_NAME)";
			};
			name = Debug;
		};
		311F253A1ADC04CF00584995 /* Release */ = {
			isa = XCBuildConfiguration;
			buildSettings = {
				ASSETCATALOG_COMPILER_APPICON_NAME = AppIcon;
				INFOPLIST_FILE = TestStaticLibrary/Info.plist;
				LD_RUNPATH_SEARCH_PATHS = "$(inherited) @executable_path/Frameworks";
				LIBRARY_SEARCH_PATHS = (
					"$(inherited)",
					"$(PROJECT_DIR)/TestStaticLibrary",
				);
				PRODUCT_NAME = "$(TARGET_NAME)";
			};
			name = Release;
		};
		311F253C1ADC04CF00584995 /* Debug */ = {
			isa = XCBuildConfiguration;
			buildSettings = {
				BUNDLE_LOADER = "$(TEST_HOST)";
				FRAMEWORK_SEARCH_PATHS = (
					"$(SDKROOT)/Developer/Library/Frameworks",
					"$(inherited)",
				);
				GCC_PREPROCESSOR_DEFINITIONS = (
					"DEBUG=1",
					"$(inherited)",
				);
				INFOPLIST_FILE = TestStaticLibraryTests/Info.plist;
				LD_RUNPATH_SEARCH_PATHS = "$(inherited) @executable_path/Frameworks @loader_path/Frameworks";
				PRODUCT_NAME = "$(TARGET_NAME)";
				TEST_HOST = "$(BUILT_PRODUCTS_DIR)/TestStaticLibrary.app/TestStaticLibrary";
			};
			name = Debug;
		};
		311F253D1ADC04CF00584995 /* Release */ = {
			isa = XCBuildConfiguration;
			buildSettings = {
				BUNDLE_LOADER = "$(TEST_HOST)";
				FRAMEWORK_SEARCH_PATHS = (
					"$(SDKROOT)/Developer/Library/Frameworks",
					"$(inherited)",
				);
				INFOPLIST_FILE = TestStaticLibraryTests/Info.plist;
				LD_RUNPATH_SEARCH_PATHS = "$(inherited) @executable_path/Frameworks @loader_path/Frameworks";
				PRODUCT_NAME = "$(TARGET_NAME)";
				TEST_HOST = "$(BUILT_PRODUCTS_DIR)/TestStaticLibrary.app/TestStaticLibrary";
			};
			name = Release;
		};
/* End XCBuildConfiguration section */

/* Begin XCConfigurationList section */
		311F25101ADC04CF00584995 /* Build configuration list for PBXProject "TestStaticLibrary" */ = {
			isa = XCConfigurationList;
			buildConfigurations = (
				311F25361ADC04CF00584995 /* Debug */,
				311F25371ADC04CF00584995 /* Release */,
			);
			defaultConfigurationIsVisible = 0;
			defaultConfigurationName = Release;
		};
		311F25381ADC04CF00584995 /* Build configuration list for PBXNativeTarget "TestStaticLibrary" */ = {
			isa = XCConfigurationList;
			buildConfigurations = (
				311F25391ADC04CF00584995 /* Debug */,
				311F253A1ADC04CF00584995 /* Release */,
			);
			defaultConfigurationIsVisible = 0;
			defaultConfigurationName = Release;
		};
		311F253B1ADC04CF00584995 /* Build configuration list for PBXNativeTarget "TestStaticLibraryTests" */ = {
			isa = XCConfigurationList;
			buildConfigurations = (
				311F253C1ADC04CF00584995 /* Debug */,
				311F253D1ADC04CF00584995 /* Release */,
			);
			defaultConfigurationIsVisible = 0;
			defaultConfigurationName = Release;
		};
/* End XCConfigurationList section */
	};
	rootObject = 311F250D1ADC04CF00584995 /* Project object */;
}
