// !$*UTF8*$!
{
	archiveVersion = 1;
	classes = {
	};
	objectVersion = 46;
	objects = {

/* Begin PBXBuildFile section */
		31E8B6AB1AB5B38C0066AD72 /* main.m in Sources */ = {isa = PBXBuildFile; fileRef = 31E8B6AA1AB5B38C0066AD72 /* main.m */; };
		31E8B6AE1AB5B38C0066AD72 /* AppDelegate.m in Sources */ = {isa = PBXBuildFile; fileRef = 31E8B6AD1AB5B38C0066AD72 /* AppDelegate.m */; };
		31E8B6B11AB5B38C0066AD72 /* ViewController.m in Sources */ = {isa = PBXBuildFile; fileRef = 31E8B6B01AB5B38C0066AD72 /* ViewController.m */; };
		31E8B6B41AB5B38C0066AD72 /* Main.storyboard in Resources */ = {isa = PBXBuildFile; fileRef = 31E8B6B21AB5B38C0066AD72 /* Main.storyboard */; };
		31E8B6B61AB5B38C0066AD72 /* Images.xcassets in Resources */ = {isa = PBXBuildFile; fileRef = 31E8B6B51AB5B38C0066AD72 /* Images.xcassets */; };
		31E8B6B91AB5B38C0066AD72 /* LaunchScreen.xib in Resources */ = {isa = PBXBuildFile; fileRef = 31E8B6B71AB5B38C0066AD72 /* LaunchScreen.xib */; };
		31E8B6C51AB5B38D0066AD72 /* ____Tests.m in Sources */ = {isa = PBXBuildFile; fileRef = 31E8B6C41AB5B38D0066AD72 /* ____Tests.m */; };
		31E8B6D01AB5B3F30066AD72 /* BGAView.m in Sources */ = {isa = PBXBuildFile; fileRef = 31E8B6CF1AB5B3F30066AD72 /* BGAView.m */; };
/* End PBXBuildFile section */

/* Begin PBXContainerItemProxy section */
		31E8B6BF1AB5B38D0066AD72 /* PBXContainerItemProxy */ = {
			isa = PBXContainerItemProxy;
			containerPortal = 31E8B69D1AB5B38C0066AD72 /* Project object */;
			proxyType = 1;
			remoteGlobalIDString = 31E8B6A41AB5B38C0066AD72;
			remoteInfo = "图片剪切";
		};
/* End PBXContainerItemProxy section */

/* Begin PBXFileReference section */
		31E8B6A51AB5B38C0066AD72 /* 图片剪切.app */ = {isa = PBXFileReference; explicitFileType = wrapper.application; includeInIndex = 0; path = "图片剪切.app"; sourceTree = BUILT_PRODUCTS_DIR; };
		31E8B6A91AB5B38C0066AD72 /* Info.plist */ = {isa = PBXFileReference; lastKnownFileType = text.plist.xml; path = Info.plist; sourceTree = "<group>"; };
		31E8B6AA1AB5B38C0066AD72 /* main.m */ = {isa = PBXFileReference; lastKnownFileType = sourcecode.c.objc; path = main.m; sourceTree = "<group>"; };
		31E8B6AC1AB5B38C0066AD72 /* AppDelegate.h */ = {isa = PBXFileReference; lastKnownFileType = sourcecode.c.h; path = AppDelegate.h; sourceTree = "<group>"; };
		31E8B6AD1AB5B38C0066AD72 /* AppDelegate.m */ = {isa = PBXFileReference; lastKnownFileType = sourcecode.c.objc; path = AppDelegate.m; sourceTree = "<group>"; };
		31E8B6AF1AB5B38C0066AD72 /* ViewController.h */ = {isa = PBXFileReference; lastKnownFileType = sourcecode.c.h; path = ViewController.h; sourceTree = "<group>"; };
		31E8B6B01AB5B38C0066AD72 /* ViewController.m */ = {isa = PBXFileReference; lastKnownFileType = sourcecode.c.objc; path = ViewController.m; sourceTree = "<group>"; };
		31E8B6B31AB5B38C0066AD72 /* Base */ = {isa = PBXFileReference; lastKnownFileType = file.storyboard; name = Base; path = Base.lproj/Main.storyboard; sourceTree = "<group>"; };
		31E8B6B51AB5B38C0066AD72 /* Images.xcassets */ = {isa = PBXFileReference; lastKnownFileType = folder.assetcatalog; path = Images.xcassets; sourceTree = "<group>"; };
		31E8B6B81AB5B38C0066AD72 /* Base */ = {isa = PBXFileReference; lastKnownFileType = file.xib; name = Base; path = Base.lproj/LaunchScreen.xib; sourceTree = "<group>"; };
		31E8B6BE1AB5B38D0066AD72 /* 图片剪切Tests.xctest */ = {isa = PBXFileReference; explicitFileType = wrapper.cfbundle; includeInIndex = 0; path = "图片剪切Tests.xctest"; sourceTree = BUILT_PRODUCTS_DIR; };
		31E8B6C31AB5B38D0066AD72 /* Info.plist */ = {isa = PBXFileReference; lastKnownFileType = text.plist.xml; path = Info.plist; sourceTree = "<group>"; };
		31E8B6C41AB5B38D0066AD72 /* ____Tests.m */ = {isa = PBXFileReference; lastKnownFileType = sourcecode.c.objc; path = "____Tests.m"; sourceTree = "<group>"; };
		31E8B6CE1AB5B3F30066AD72 /* BGAView.h */ = {isa = PBXFileReference; fileEncoding = 4; lastKnownFileType = sourcecode.c.h; path = BGAView.h; sourceTree = "<group>"; };
		31E8B6CF1AB5B3F30066AD72 /* BGAView.m */ = {isa = PBXFileReference; fileEncoding = 4; lastKnownFileType = sourcecode.c.objc; path = BGAView.m; sourceTree = "<group>"; };
/* End PBXFileReference section */

/* Begin PBXFrameworksBuildPhase section */
		31E8B6A21AB5B38C0066AD72 /* Frameworks */ = {
			isa = PBXFrameworksBuildPhase;
			buildActionMask = 2147483647;
			files = (
			);
			runOnlyForDeploymentPostprocessing = 0;
		};
		31E8B6BB1AB5B38D0066AD72 /* Frameworks */ = {
			isa = PBXFrameworksBuildPhase;
			buildActionMask = 2147483647;
			files = (
			);
			runOnlyForDeploymentPostprocessing = 0;
		};
/* End PBXFrameworksBuildPhase section */

/* Begin PBXGroup section */
		31E8B69C1AB5B38C0066AD72 = {
			isa = PBXGroup;
			children = (
				31E8B6A71AB5B38C0066AD72 /* 图片剪切 */,
				31E8B6C11AB5B38D0066AD72 /* 图片剪切Tests */,
				31E8B6A61AB5B38C0066AD72 /* Products */,
			);
			sourceTree = "<group>";
		};
		31E8B6A61AB5B38C0066AD72 /* Products */ = {
			isa = PBXGroup;
			children = (
				31E8B6A51AB5B38C0066AD72 /* 图片剪切.app */,
				31E8B6BE1AB5B38D0066AD72 /* 图片剪切Tests.xctest */,
			);
			name = Products;
			sourceTree = "<group>";
		};
		31E8B6A71AB5B38C0066AD72 /* 图片剪切 */ = {
			isa = PBXGroup;
			children = (
				31E8B6AC1AB5B38C0066AD72 /* AppDelegate.h */,
				31E8B6AD1AB5B38C0066AD72 /* AppDelegate.m */,
				31E8B6AF1AB5B38C0066AD72 /* ViewController.h */,
				31E8B6B01AB5B38C0066AD72 /* ViewController.m */,
				31E8B6B21AB5B38C0066AD72 /* Main.storyboard */,
				31E8B6B51AB5B38C0066AD72 /* Images.xcassets */,
				31E8B6B71AB5B38C0066AD72 /* LaunchScreen.xib */,
				31E8B6A81AB5B38C0066AD72 /* Supporting Files */,
				31E8B6CE1AB5B3F30066AD72 /* BGAView.h */,
				31E8B6CF1AB5B3F30066AD72 /* BGAView.m */,
			);
			path = "图片剪切";
			sourceTree = "<group>";
		};
		31E8B6A81AB5B38C0066AD72 /* Supporting Files */ = {
			isa = PBXGroup;
			children = (
				31E8B6A91AB5B38C0066AD72 /* Info.plist */,
				31E8B6AA1AB5B38C0066AD72 /* main.m */,
			);
			name = "Supporting Files";
			sourceTree = "<group>";
		};
		31E8B6C11AB5B38D0066AD72 /* 图片剪切Tests */ = {
			isa = PBXGroup;
			children = (
				31E8B6C41AB5B38D0066AD72 /* ____Tests.m */,
				31E8B6C21AB5B38D0066AD72 /* Supporting Files */,
			);
			path = "图片剪切Tests";
			sourceTree = "<group>";
		};
		31E8B6C21AB5B38D0066AD72 /* Supporting Files */ = {
			isa = PBXGroup;
			children = (
				31E8B6C31AB5B38D0066AD72 /* Info.plist */,
			);
			name = "Supporting Files";
			sourceTree = "<group>";
		};
/* End PBXGroup section */

/* Begin PBXNativeTarget section */
		31E8B6A41AB5B38C0066AD72 /* 图片剪切 */ = {
			isa = PBXNativeTarget;
			buildConfigurationList = 31E8B6C81AB5B38D0066AD72 /* Build configuration list for PBXNativeTarget "图片剪切" */;
			buildPhases = (
				31E8B6A11AB5B38C0066AD72 /* Sources */,
				31E8B6A21AB5B38C0066AD72 /* Frameworks */,
				31E8B6A31AB5B38C0066AD72 /* Resources */,
			);
			buildRules = (
			);
			dependencies = (
			);
			name = "图片剪切";
			productName = "图片剪切";
			productReference = 31E8B6A51AB5B38C0066AD72 /* 图片剪切.app */;
			productType = "com.apple.product-type.application";
		};
		31E8B6BD1AB5B38D0066AD72 /* 图片剪切Tests */ = {
			isa = PBXNativeTarget;
			buildConfigurationList = 31E8B6CB1AB5B38D0066AD72 /* Build configuration list for PBXNativeTarget "图片剪切Tests" */;
			buildPhases = (
				31E8B6BA1AB5B38D0066AD72 /* Sources */,
				31E8B6BB1AB5B38D0066AD72 /* Frameworks */,
				31E8B6BC1AB5B38D0066AD72 /* Resources */,
			);
			buildRules = (
			);
			dependencies = (
				31E8B6C01AB5B38D0066AD72 /* PBXTargetDependency */,
			);
			name = "图片剪切Tests";
			productName = "图片剪切Tests";
			productReference = 31E8B6BE1AB5B38D0066AD72 /* 图片剪切Tests.xctest */;
			productType = "com.apple.product-type.bundle.unit-test";
		};
/* End PBXNativeTarget section */

/* Begin PBXProject section */
		31E8B69D1AB5B38C0066AD72 /* Project object */ = {
			isa = PBXProject;
			attributes = {
				LastUpgradeCheck = 0610;
				ORGANIZATIONNAME = bingoogolapple;
				TargetAttributes = {
					31E8B6A41AB5B38C0066AD72 = {
						CreatedOnToolsVersion = 6.1.1;
					};
					31E8B6BD1AB5B38D0066AD72 = {
						CreatedOnToolsVersion = 6.1.1;
						TestTargetID = 31E8B6A41AB5B38C0066AD72;
					};
				};
			};
			buildConfigurationList = 31E8B6A01AB5B38C0066AD72 /* Build configuration list for PBXProject "图片剪切" */;
			compatibilityVersion = "Xcode 3.2";
			developmentRegion = English;
			hasScannedForEncodings = 0;
			knownRegions = (
				en,
				Base,
			);
			mainGroup = 31E8B69C1AB5B38C0066AD72;
			productRefGroup = 31E8B6A61AB5B38C0066AD72 /* Products */;
			projectDirPath = "";
			projectRoot = "";
			targets = (
				31E8B6A41AB5B38C0066AD72 /* 图片剪切 */,
				31E8B6BD1AB5B38D0066AD72 /* 图片剪切Tests */,
			);
		};
/* End PBXProject section */

/* Begin PBXResourcesBuildPhase section */
		31E8B6A31AB5B38C0066AD72 /* Resources */ = {
			isa = PBXResourcesBuildPhase;
			buildActionMask = 2147483647;
			files = (
				31E8B6B41AB5B38C0066AD72 /* Main.storyboard in Resources */,
				31E8B6B91AB5B38C0066AD72 /* LaunchScreen.xib in Resources */,
				31E8B6B61AB5B38C0066AD72 /* Images.xcassets in Resources */,
			);
			runOnlyForDeploymentPostprocessing = 0;
		};
		31E8B6BC1AB5B38D0066AD72 /* Resources */ = {
			isa = PBXResourcesBuildPhase;
			buildActionMask = 2147483647;
			files = (
			);
			runOnlyForDeploymentPostprocessing = 0;
		};
/* End PBXResourcesBuildPhase section */

/* Begin PBXSourcesBuildPhase section */
		31E8B6A11AB5B38C0066AD72 /* Sources */ = {
			isa = PBXSourcesBuildPhase;
			buildActionMask = 2147483647;
			files = (
				31E8B6B11AB5B38C0066AD72 /* ViewController.m in Sources */,
				31E8B6D01AB5B3F30066AD72 /* BGAView.m in Sources */,
				31E8B6AE1AB5B38C0066AD72 /* AppDelegate.m in Sources */,
				31E8B6AB1AB5B38C0066AD72 /* main.m in Sources */,
			);
			runOnlyForDeploymentPostprocessing = 0;
		};
		31E8B6BA1AB5B38D0066AD72 /* Sources */ = {
			isa = PBXSourcesBuildPhase;
			buildActionMask = 2147483647;
			files = (
				31E8B6C51AB5B38D0066AD72 /* ____Tests.m in Sources */,
			);
			runOnlyForDeploymentPostprocessing = 0;
		};
/* End PBXSourcesBuildPhase section */

/* Begin PBXTargetDependency section */
		31E8B6C01AB5B38D0066AD72 /* PBXTargetDependency */ = {
			isa = PBXTargetDependency;
			target = 31E8B6A41AB5B38C0066AD72 /* 图片剪切 */;
			targetProxy = 31E8B6BF1AB5B38D0066AD72 /* PBXContainerItemProxy */;
		};
/* End PBXTargetDependency section */

/* Begin PBXVariantGroup section */
		31E8B6B21AB5B38C0066AD72 /* Main.storyboard */ = {
			isa = PBXVariantGroup;
			children = (
				31E8B6B31AB5B38C0066AD72 /* Base */,
			);
			name = Main.storyboard;
			sourceTree = "<group>";
		};
		31E8B6B71AB5B38C0066AD72 /* LaunchScreen.xib */ = {
			isa = PBXVariantGroup;
			children = (
				31E8B6B81AB5B38C0066AD72 /* Base */,
			);
			name = LaunchScreen.xib;
			sourceTree = "<group>";
		};
/* End PBXVariantGroup section */

/* Begin XCBuildConfiguration section */
		31E8B6C61AB5B38D0066AD72 /* Debug */ = {
			isa = XCBuildConfiguration;
			buildSettings = {
				ALWAYS_SEARCH_USER_PATHS = NO;
				CLANG_CXX_LANGUAGE_STANDARD = "gnu++0x";
				CLANG_CXX_LIBRARY = "libc++";
				CLANG_ENABLE_MODULES = YES;
				CLANG_ENABLE_OBJC_ARC = YES;
				CLANG_WARN_BOOL_CONVERSION = YES;
				CLANG_WARN_CONSTANT_CONVERSION = YES;
				CLANG_WARN_DIRECT_OBJC_ISA_USAGE = YES_ERROR;
				CLANG_WARN_EMPTY_BODY = YES;
				CLANG_WARN_ENUM_CONVERSION = YES;
				CLANG_WARN_INT_CONVERSION = YES;
				CLANG_WARN_OBJC_ROOT_CLASS = YES_ERROR;
				CLANG_WARN_UNREACHABLE_CODE = YES;
				CLANG_WARN__DUPLICATE_METHOD_MATCH = YES;
				"CODE_SIGN_IDENTITY[sdk=iphoneos*]" = "iPhone Developer";
				COPY_PHASE_STRIP = NO;
				ENABLE_STRICT_OBJC_MSGSEND = YES;
				GCC_C_LANGUAGE_STANDARD = gnu99;
				GCC_DYNAMIC_NO_PIC = NO;
				GCC_OPTIMIZATION_LEVEL = 0;
				GCC_PREPROCESSOR_DEFINITIONS = (
					"DEBUG=1",
					"$(inherited)",
				);
				GCC_SYMBOLS_PRIVATE_EXTERN = NO;
				GCC_WARN_64_TO_32_BIT_CONVERSION = YES;
				GCC_WARN_ABOUT_RETURN_TYPE = YES_ERROR;
				GCC_WARN_UNDECLARED_SELECTOR = YES;
				GCC_WARN_UNINITIALIZED_AUTOS = YES_AGGRESSIVE;
				GCC_WARN_UNUSED_FUNCTION = YES;
				GCC_WARN_UNUSED_VARIABLE = YES;
				IPHONEOS_DEPLOYMENT_TARGET = 8.1;
				MTL_ENABLE_DEBUG_INFO = YES;
				ONLY_ACTIVE_ARCH = YES;
				SDKROOT = iphoneos;
			};
			name = Debug;
		};
		31E8B6C71AB5B38D0066AD72 /* Release */ = {
			isa = XCBuildConfiguration;
			buildSettings = {
				ALWAYS_SEARCH_USER_PATHS = NO;
				CLANG_CXX_LANGUAGE_STANDARD = "gnu++0x";
				CLANG_CXX_LIBRARY = "libc++";
				CLANG_ENABLE_MODULES = YES;
				CLANG_ENABLE_OBJC_ARC = YES;
				CLANG_WARN_BOOL_CONVERSION = YES;
				CLANG_WARN_CONSTANT_CONVERSION = YES;
				CLANG_WARN_DIRECT_OBJC_ISA_USAGE = YES_ERROR;
				CLANG_WARN_EMPTY_BODY = YES;
				CLANG_WARN_ENUM_CONVERSION = YES;
				CLANG_WARN_INT_CONVERSION = YES;
				CLANG_WARN_OBJC_ROOT_CLASS = YES_ERROR;
				CLANG_WARN_UNREACHABLE_CODE = YES;
				CLANG_WARN__DUPLICATE_METHOD_MATCH = YES;
				"CODE_SIGN_IDENTITY[sdk=iphoneos*]" = "iPhone Developer";
				COPY_PHASE_STRIP = YES;
				ENABLE_NS_ASSERTIONS = NO;
				ENABLE_STRICT_OBJC_MSGSEND = YES;
				GCC_C_LANGUAGE_STANDARD = gnu99;
				GCC_WARN_64_TO_32_BIT_CONVERSION = YES;
				GCC_WARN_ABOUT_RETURN_TYPE = YES_ERROR;
				GCC_WARN_UNDECLARED_SELECTOR = YES;
				GCC_WARN_UNINITIALIZED_AUTOS = YES_AGGRESSIVE;
				GCC_WARN_UNUSED_FUNCTION = YES;
				GCC_WARN_UNUSED_VARIABLE = YES;
				IPHONEOS_DEPLOYMENT_TARGET = 8.1;
				MTL_ENABLE_DEBUG_INFO = NO;
				SDKROOT = iphoneos;
				VALIDATE_PRODUCT = YES;
			};
			name = Release;
		};
		31E8B6C91AB5B38D0066AD72 /* Debug */ = {
			isa = XCBuildConfiguration;
			buildSettings = {
				ASSETCATALOG_COMPILER_APPICON_NAME = AppIcon;
				INFOPLIST_FILE = "图片剪切/Info.plist";
				LD_RUNPATH_SEARCH_PATHS = "$(inherited) @executable_path/Frameworks";
				PRODUCT_NAME = "$(TARGET_NAME)";
			};
			name = Debug;
		};
		31E8B6CA1AB5B38D0066AD72 /* Release */ = {
			isa = XCBuildConfiguration;
			buildSettings = {
				ASSETCATALOG_COMPILER_APPICON_NAME = AppIcon;
				INFOPLIST_FILE = "图片剪切/Info.plist";
				LD_RUNPATH_SEARCH_PATHS = "$(inherited) @executable_path/Frameworks";
				PRODUCT_NAME = "$(TARGET_NAME)";
			};
			name = Release;
		};
		31E8B6CC1AB5B38D0066AD72 /* Debug */ = {
			isa = XCBuildConfiguration;
			buildSettings = {
				BUNDLE_LOADER = "$(TEST_HOST)";
				FRAMEWORK_SEARCH_PATHS = (
					"$(SDKROOT)/Developer/Library/Frameworks",
					"$(inherited)",
				);
				GCC_PREPROCESSOR_DEFINITIONS = (
					"DEBUG=1",
					"$(inherited)",
				);
				INFOPLIST_FILE = "图片剪切Tests/Info.plist";
				LD_RUNPATH_SEARCH_PATHS = "$(inherited) @executable_path/Frameworks @loader_path/Frameworks";
				PRODUCT_NAME = "$(TARGET_NAME)";
				TEST_HOST = "$(BUILT_PRODUCTS_DIR)/图片剪切.app/图片剪切";
			};
			name = Debug;
		};
		31E8B6CD1AB5B38D0066AD72 /* Release */ = {
			isa = XCBuildConfiguration;
			buildSettings = {
				BUNDLE_LOADER = "$(TEST_HOST)";
				FRAMEWORK_SEARCH_PATHS = (
					"$(SDKROOT)/Developer/Library/Frameworks",
					"$(inherited)",
				);
				INFOPLIST_FILE = "图片剪切Tests/Info.plist";
				LD_RUNPATH_SEARCH_PATHS = "$(inherited) @executable_path/Frameworks @loader_path/Frameworks";
				PRODUCT_NAME = "$(TARGET_NAME)";
				TEST_HOST = "$(BUILT_PRODUCTS_DIR)/图片剪切.app/图片剪切";
			};
			name = Release;
		};
/* End XCBuildConfiguration section */

/* Begin XCConfigurationList section */
		31E8B6A01AB5B38C0066AD72 /* Build configuration list for PBXProject "图片剪切" */ = {
			isa = XCConfigurationList;
			buildConfigurations = (
				31E8B6C61AB5B38D0066AD72 /* Debug */,
				31E8B6C71AB5B38D0066AD72 /* Release */,
			);
			defaultConfigurationIsVisible = 0;
			defaultConfigurationName = Release;
		};
		31E8B6C81AB5B38D0066AD72 /* Build configuration list for PBXNativeTarget "图片剪切" */ = {
			isa = XCConfigurationList;
			buildConfigurations = (
				31E8B6C91AB5B38D0066AD72 /* Debug */,
				31E8B6CA1AB5B38D0066AD72 /* Release */,
			);
			defaultConfigurationIsVisible = 0;
		};
		31E8B6CB1AB5B38D0066AD72 /* Build configuration list for PBXNativeTarget "图片剪切Tests" */ = {
			isa = XCConfigurationList;
			buildConfigurations = (
				31E8B6CC1AB5B38D0066AD72 /* Debug */,
				31E8B6CD1AB5B38D0066AD72 /* Release */,
			);
			defaultConfigurationIsVisible = 0;
		};
/* End XCConfigurationList section */
	};
	rootObject = 31E8B69D1AB5B38C0066AD72 /* Project object */;
}
