// !$*UTF8*$!
{
	archiveVersion = 1;
	classes = {
	};
	objectVersion = 46;
	objects = {

/* Begin PBXBuildFile section */
		314C3A3C1CCBB0E600ABB181 /* main.m in Sources */ = {isa = PBXBuildFile; fileRef = 314C3A3B1CCBB0E600ABB181 /* main.m */; };
		314C3A3F1CCBB0E600ABB181 /* AppDelegate.m in Sources */ = {isa = PBXBuildFile; fileRef = 314C3A3E1CCBB0E600ABB181 /* AppDelegate.m */; };
		314C3A421CCBB0E600ABB181 /* ViewController.m in Sources */ = {isa = PBXBuildFile; fileRef = 314C3A411CCBB0E600ABB181 /* ViewController.m */; };
		314C3A451CCBB0E600ABB181 /* Main.storyboard in Resources */ = {isa = PBXBuildFile; fileRef = 314C3A431CCBB0E600ABB181 /* Main.storyboard */; };
		314C3A471CCBB0E600ABB181 /* Assets.xcassets in Resources */ = {isa = PBXBuildFile; fileRef = 314C3A461CCBB0E600ABB181 /* Assets.xcassets */; };
		314C3A4A1CCBB0E600ABB181 /* LaunchScreen.storyboard in Resources */ = {isa = PBXBuildFile; fileRef = 314C3A481CCBB0E600ABB181 /* LaunchScreen.storyboard */; };
/* End PBXBuildFile section */

/* Begin PBXFileReference section */
		314C3A371CCBB0E600ABB181 /* 二维码.app */ = {isa = PBXFileReference; explicitFileType = wrapper.application; includeInIndex = 0; path = "二维码.app"; sourceTree = BUILT_PRODUCTS_DIR; };
		314C3A3B1CCBB0E600ABB181 /* main.m */ = {isa = PBXFileReference; lastKnownFileType = sourcecode.c.objc; path = main.m; sourceTree = "<group>"; };
		314C3A3D1CCBB0E600ABB181 /* AppDelegate.h */ = {isa = PBXFileReference; lastKnownFileType = sourcecode.c.h; path = AppDelegate.h; sourceTree = "<group>"; };
		314C3A3E1CCBB0E600ABB181 /* AppDelegate.m */ = {isa = PBXFileReference; lastKnownFileType = sourcecode.c.objc; path = AppDelegate.m; sourceTree = "<group>"; };
		314C3A401CCBB0E600ABB181 /* ViewController.h */ = {isa = PBXFileReference; lastKnownFileType = sourcecode.c.h; path = ViewController.h; sourceTree = "<group>"; };
		314C3A411CCBB0E600ABB181 /* ViewController.m */ = {isa = PBXFileReference; lastKnownFileType = sourcecode.c.objc; path = ViewController.m; sourceTree = "<group>"; };
		314C3A441CCBB0E600ABB181 /* Base */ = {isa = PBXFileReference; lastKnownFileType = file.storyboard; name = Base; path = Base.lproj/Main.storyboard; sourceTree = "<group>"; };
		314C3A461CCBB0E600ABB181 /* Assets.xcassets */ = {isa = PBXFileReference; lastKnownFileType = folder.assetcatalog; path = Assets.xcassets; sourceTree = "<group>"; };
		314C3A491CCBB0E600ABB181 /* Base */ = {isa = PBXFileReference; lastKnownFileType = file.storyboard; name = Base; path = Base.lproj/LaunchScreen.storyboard; sourceTree = "<group>"; };
		314C3A4B1CCBB0E600ABB181 /* Info.plist */ = {isa = PBXFileReference; lastKnownFileType = text.plist.xml; path = Info.plist; sourceTree = "<group>"; };
/* End PBXFileReference section */

/* Begin PBXFrameworksBuildPhase section */
		314C3A341CCBB0E600ABB181 /* Frameworks */ = {
			isa = PBXFrameworksBuildPhase;
			buildActionMask = 2147483647;
			files = (
			);
			runOnlyForDeploymentPostprocessing = 0;
		};
/* End PBXFrameworksBuildPhase section */

/* Begin PBXGroup section */
		314C3A2E1CCBB0E500ABB181 = {
			isa = PBXGroup;
			children = (
				314C3A391CCBB0E600ABB181 /* 二维码 */,
				314C3A381CCBB0E600ABB181 /* Products */,
			);
			sourceTree = "<group>";
		};
		314C3A381CCBB0E600ABB181 /* Products */ = {
			isa = PBXGroup;
			children = (
				314C3A371CCBB0E600ABB181 /* 二维码.app */,
			);
			name = Products;
			sourceTree = "<group>";
		};
		314C3A391CCBB0E600ABB181 /* 二维码 */ = {
			isa = PBXGroup;
			children = (
				314C3A3D1CCBB0E600ABB181 /* AppDelegate.h */,
				314C3A3E1CCBB0E600ABB181 /* AppDelegate.m */,
				314C3A401CCBB0E600ABB181 /* ViewController.h */,
				314C3A411CCBB0E600ABB181 /* ViewController.m */,
				314C3A431CCBB0E600ABB181 /* Main.storyboard */,
				314C3A461CCBB0E600ABB181 /* Assets.xcassets */,
				314C3A481CCBB0E600ABB181 /* LaunchScreen.storyboard */,
				314C3A4B1CCBB0E600ABB181 /* Info.plist */,
				314C3A3A1CCBB0E600ABB181 /* Supporting Files */,
			);
			path = "二维码";
			sourceTree = "<group>";
		};
		314C3A3A1CCBB0E600ABB181 /* Supporting Files */ = {
			isa = PBXGroup;
			children = (
				314C3A3B1CCBB0E600ABB181 /* main.m */,
			);
			name = "Supporting Files";
			sourceTree = "<group>";
		};
/* End PBXGroup section */

/* Begin PBXNativeTarget section */
		314C3A361CCBB0E600ABB181 /* 二维码 */ = {
			isa = PBXNativeTarget;
			buildConfigurationList = 314C3A4E1CCBB0E600ABB181 /* Build configuration list for PBXNativeTarget "二维码" */;
			buildPhases = (
				314C3A331CCBB0E600ABB181 /* Sources */,
				314C3A341CCBB0E600ABB181 /* Frameworks */,
				314C3A351CCBB0E600ABB181 /* Resources */,
			);
			buildRules = (
			);
			dependencies = (
			);
			name = "二维码";
			productName = "二维码";
			productReference = 314C3A371CCBB0E600ABB181 /* 二维码.app */;
			productType = "com.apple.product-type.application";
		};
/* End PBXNativeTarget section */

/* Begin PBXProject section */
		314C3A2F1CCBB0E500ABB181 /* Project object */ = {
			isa = PBXProject;
			attributes = {
				LastUpgradeCheck = 0730;
				ORGANIZATIONNAME = bingoogolapple;
				TargetAttributes = {
					314C3A361CCBB0E600ABB181 = {
						CreatedOnToolsVersion = 7.3;
						DevelopmentTeam = TB7AFTRGLZ;
					};
				};
			};
			buildConfigurationList = 314C3A321CCBB0E500ABB181 /* Build configuration list for PBXProject "二维码" */;
			compatibilityVersion = "Xcode 3.2";
			developmentRegion = English;
			hasScannedForEncodings = 0;
			knownRegions = (
				en,
				Base,
			);
			mainGroup = 314C3A2E1CCBB0E500ABB181;
			productRefGroup = 314C3A381CCBB0E600ABB181 /* Products */;
			projectDirPath = "";
			projectRoot = "";
			targets = (
				314C3A361CCBB0E600ABB181 /* 二维码 */,
			);
		};
/* End PBXProject section */

/* Begin PBXResourcesBuildPhase section */
		314C3A351CCBB0E600ABB181 /* Resources */ = {
			isa = PBXResourcesBuildPhase;
			buildActionMask = 2147483647;
			files = (
				314C3A4A1CCBB0E600ABB181 /* LaunchScreen.storyboard in Resources */,
				314C3A471CCBB0E600ABB181 /* Assets.xcassets in Resources */,
				314C3A451CCBB0E600ABB181 /* Main.storyboard in Resources */,
			);
			runOnlyForDeploymentPostprocessing = 0;
		};
/* End PBXResourcesBuildPhase section */

/* Begin PBXSourcesBuildPhase section */
		314C3A331CCBB0E600ABB181 /* Sources */ = {
			isa = PBXSourcesBuildPhase;
			buildActionMask = 2147483647;
			files = (
				314C3A421CCBB0E600ABB181 /* ViewController.m in Sources */,
				314C3A3F1CCBB0E600ABB181 /* AppDelegate.m in Sources */,
				314C3A3C1CCBB0E600ABB181 /* main.m in Sources */,
			);
			runOnlyForDeploymentPostprocessing = 0;
		};
/* End PBXSourcesBuildPhase section */

/* Begin PBXVariantGroup section */
		314C3A431CCBB0E600ABB181 /* Main.storyboard */ = {
			isa = PBXVariantGroup;
			children = (
				314C3A441CCBB0E600ABB181 /* Base */,
			);
			name = Main.storyboard;
			sourceTree = "<group>";
		};
		314C3A481CCBB0E600ABB181 /* LaunchScreen.storyboard */ = {
			isa = PBXVariantGroup;
			children = (
				314C3A491CCBB0E600ABB181 /* Base */,
			);
			name = LaunchScreen.storyboard;
			sourceTree = "<group>";
		};
/* End PBXVariantGroup section */

/* Begin XCBuildConfiguration section */
		314C3A4C1CCBB0E600ABB181 /* Debug */ = {
			isa = XCBuildConfiguration;
			buildSettings = {
				ALWAYS_SEARCH_USER_PATHS = NO;
				CLANG_ANALYZER_NONNULL = YES;
				CLANG_CXX_LANGUAGE_STANDARD = "gnu++0x";
				CLANG_CXX_LIBRARY = "libc++";
				CLANG_ENABLE_MODULES = YES;
				CLANG_ENABLE_OBJC_ARC = YES;
				CLANG_WARN_BOOL_CONVERSION = YES;
				CLANG_WARN_CONSTANT_CONVERSION = YES;
				CLANG_WARN_DIRECT_OBJC_ISA_USAGE = YES_ERROR;
				CLANG_WARN_EMPTY_BODY = YES;
				CLANG_WARN_ENUM_CONVERSION = YES;
				CLANG_WARN_INT_CONVERSION = YES;
				CLANG_WARN_OBJC_ROOT_CLASS = YES_ERROR;
				CLANG_WARN_UNREACHABLE_CODE = YES;
				CLANG_WARN__DUPLICATE_METHOD_MATCH = YES;
				"CODE_SIGN_IDENTITY[sdk=iphoneos*]" = "iPhone Developer";
				COPY_PHASE_STRIP = NO;
				DEBUG_INFORMATION_FORMAT = dwarf;
				ENABLE_STRICT_OBJC_MSGSEND = YES;
				ENABLE_TESTABILITY = YES;
				GCC_C_LANGUAGE_STANDARD = gnu99;
				GCC_DYNAMIC_NO_PIC = NO;
				GCC_NO_COMMON_BLOCKS = YES;
				GCC_OPTIMIZATION_LEVEL = 0;
				GCC_PREPROCESSOR_DEFINITIONS = (
					"DEBUG=1",
					"$(inherited)",
				);
				GCC_WARN_64_TO_32_BIT_CONVERSION = YES;
				GCC_WARN_ABOUT_RETURN_TYPE = YES_ERROR;
				GCC_WARN_UNDECLARED_SELECTOR = YES;
				GCC_WARN_UNINITIALIZED_AUTOS = YES_AGGRESSIVE;
				GCC_WARN_UNUSED_FUNCTION = YES;
				GCC_WARN_UNUSED_VARIABLE = YES;
				IPHONEOS_DEPLOYMENT_TARGET = 9.3;
				MTL_ENABLE_DEBUG_INFO = YES;
				ONLY_ACTIVE_ARCH = YES;
				SDKROOT = iphoneos;
			};
			name = Debug;
		};
		314C3A4D1CCBB0E600ABB181 /* Release */ = {
			isa = XCBuildConfiguration;
			buildSettings = {
				ALWAYS_SEARCH_USER_PATHS = NO;
				CLANG_ANALYZER_NONNULL = YES;
				CLANG_CXX_LANGUAGE_STANDARD = "gnu++0x";
				CLANG_CXX_LIBRARY = "libc++";
				CLANG_ENABLE_MODULES = YES;
				CLANG_ENABLE_OBJC_ARC = YES;
				CLANG_WARN_BOOL_CONVERSION = YES;
				CLANG_WARN_CONSTANT_CONVERSION = YES;
				CLANG_WARN_DIRECT_OBJC_ISA_USAGE = YES_ERROR;
				CLANG_WARN_EMPTY_BODY = YES;
				CLANG_WARN_ENUM_CONVERSION = YES;
				CLANG_WARN_INT_CONVERSION = YES;
				CLANG_WARN_OBJC_ROOT_CLASS = YES_ERROR;
				CLANG_WARN_UNREACHABLE_CODE = YES;
				CLANG_WARN__DUPLICATE_METHOD_MATCH = YES;
				"CODE_SIGN_IDENTITY[sdk=iphoneos*]" = "iPhone Developer";
				COPY_PHASE_STRIP = NO;
				DEBUG_INFORMATION_FORMAT = "dwarf-with-dsym";
				ENABLE_NS_ASSERTIONS = NO;
				ENABLE_STRICT_OBJC_MSGSEND = YES;
				GCC_C_LANGUAGE_STANDARD = gnu99;
				GCC_NO_COMMON_BLOCKS = YES;
				GCC_WARN_64_TO_32_BIT_CONVERSION = YES;
				GCC_WARN_ABOUT_RETURN_TYPE = YES_ERROR;
				GCC_WARN_UNDECLARED_SELECTOR = YES;
				GCC_WARN_UNINITIALIZED_AUTOS = YES_AGGRESSIVE;
				GCC_WARN_UNUSED_FUNCTION = YES;
				GCC_WARN_UNUSED_VARIABLE = YES;
				IPHONEOS_DEPLOYMENT_TARGET = 9.3;
				MTL_ENABLE_DEBUG_INFO = NO;
				SDKROOT = iphoneos;
				VALIDATE_PRODUCT = YES;
			};
			name = Release;
		};
		314C3A4F1CCBB0E600ABB181 /* Debug */ = {
			isa = XCBuildConfiguration;
			buildSettings = {
				ASSETCATALOG_COMPILER_APPICON_NAME = AppIcon;
				INFOPLIST_FILE = "二维码/Info.plist";
				LD_RUNPATH_SEARCH_PATHS = "$(inherited) @executable_path/Frameworks";
				PRODUCT_BUNDLE_IDENTIFIER = "cn.bingoogolapple.---";
				PRODUCT_NAME = "$(TARGET_NAME)";
			};
			name = Debug;
		};
		314C3A501CCBB0E600ABB181 /* Release */ = {
			isa = XCBuildConfiguration;
			buildSettings = {
				ASSETCATALOG_COMPILER_APPICON_NAME = AppIcon;
				INFOPLIST_FILE = "二维码/Info.plist";
				LD_RUNPATH_SEARCH_PATHS = "$(inherited) @executable_path/Frameworks";
				PRODUCT_BUNDLE_IDENTIFIER = "cn.bingoogolapple.---";
				PRODUCT_NAME = "$(TARGET_NAME)";
			};
			name = Release;
		};
/* End XCBuildConfiguration section */

/* Begin XCConfigurationList section */
		314C3A321CCBB0E500ABB181 /* Build configuration list for PBXProject "二维码" */ = {
			isa = XCConfigurationList;
			buildConfigurations = (
				314C3A4C1CCBB0E600ABB181 /* Debug */,
				314C3A4D1CCBB0E600ABB181 /* Release */,
			);
			defaultConfigurationIsVisible = 0;
			defaultConfigurationName = Release;
		};
		314C3A4E1CCBB0E600ABB181 /* Build configuration list for PBXNativeTarget "二维码" */ = {
			isa = XCConfigurationList;
			buildConfigurations = (
				314C3A4F1CCBB0E600ABB181 /* Debug */,
				314C3A501CCBB0E600ABB181 /* Release */,
			);
			defaultConfigurationIsVisible = 0;
		};
/* End XCConfigurationList section */
	};
	rootObject = 314C3A2F1CCBB0E500ABB181 /* Project object */;
}
