// !$*UTF8*$!
{
	archiveVersion = 1;
	classes = {
	};
	objectVersion = 46;
	objects = {

/* Begin PBXBuildFile section */
		53AF767B1AD0036F005678D3 /* main.m in Sources */ = {isa = PBXBuildFile; fileRef = 53AF767A1AD0036F005678D3 /* main.m */; };
		53AF767E1AD0036F005678D3 /* AppDelegate.m in Sources */ = {isa = PBXBuildFile; fileRef = 53AF767D1AD0036F005678D3 /* AppDelegate.m */; };
		53AF76811AD0036F005678D3 /* ViewController.m in Sources */ = {isa = PBXBuildFile; fileRef = 53AF76801AD0036F005678D3 /* ViewController.m */; };
		53AF76841AD0036F005678D3 /* Main.storyboard in Resources */ = {isa = PBXBuildFile; fileRef = 53AF76821AD0036F005678D3 /* Main.storyboard */; };
		53AF76861AD0036F005678D3 /* Images.xcassets in Resources */ = {isa = PBXBuildFile; fileRef = 53AF76851AD0036F005678D3 /* Images.xcassets */; };
		53AF76891AD0036F005678D3 /* LaunchScreen.xib in Resources */ = {isa = PBXBuildFile; fileRef = 53AF76871AD0036F005678D3 /* LaunchScreen.xib */; };
		53AF76951AD00370005678D3 /* ____plistTests.m in Sources */ = {isa = PBXBuildFile; fileRef = 53AF76941AD00370005678D3 /* ____plistTests.m */; };
/* End PBXBuildFile section */

/* Begin PBXContainerItemProxy section */
		53AF768F1AD00370005678D3 /* PBXContainerItemProxy */ = {
			isa = PBXContainerItemProxy;
			containerPortal = 53AF766D1AD0036F005678D3 /* Project object */;
			proxyType = 1;
			remoteGlobalIDString = 53AF76741AD0036F005678D3;
			remoteInfo = "数据存储plist";
		};
/* End PBXContainerItemProxy section */

/* Begin PBXFileReference section */
		53AF76751AD0036F005678D3 /* 数据存储plist.app */ = {isa = PBXFileReference; explicitFileType = wrapper.application; includeInIndex = 0; path = "数据存储plist.app"; sourceTree = BUILT_PRODUCTS_DIR; };
		53AF76791AD0036F005678D3 /* Info.plist */ = {isa = PBXFileReference; lastKnownFileType = text.plist.xml; path = Info.plist; sourceTree = "<group>"; };
		53AF767A1AD0036F005678D3 /* main.m */ = {isa = PBXFileReference; lastKnownFileType = sourcecode.c.objc; path = main.m; sourceTree = "<group>"; };
		53AF767C1AD0036F005678D3 /* AppDelegate.h */ = {isa = PBXFileReference; lastKnownFileType = sourcecode.c.h; path = AppDelegate.h; sourceTree = "<group>"; };
		53AF767D1AD0036F005678D3 /* AppDelegate.m */ = {isa = PBXFileReference; lastKnownFileType = sourcecode.c.objc; path = AppDelegate.m; sourceTree = "<group>"; };
		53AF767F1AD0036F005678D3 /* ViewController.h */ = {isa = PBXFileReference; lastKnownFileType = sourcecode.c.h; path = ViewController.h; sourceTree = "<group>"; };
		53AF76801AD0036F005678D3 /* ViewController.m */ = {isa = PBXFileReference; lastKnownFileType = sourcecode.c.objc; path = ViewController.m; sourceTree = "<group>"; };
		53AF76831AD0036F005678D3 /* Base */ = {isa = PBXFileReference; lastKnownFileType = file.storyboard; name = Base; path = Base.lproj/Main.storyboard; sourceTree = "<group>"; };
		53AF76851AD0036F005678D3 /* Images.xcassets */ = {isa = PBXFileReference; lastKnownFileType = folder.assetcatalog; path = Images.xcassets; sourceTree = "<group>"; };
		53AF76881AD0036F005678D3 /* Base */ = {isa = PBXFileReference; lastKnownFileType = file.xib; name = Base; path = Base.lproj/LaunchScreen.xib; sourceTree = "<group>"; };
		53AF768E1AD00370005678D3 /* 数据存储plistTests.xctest */ = {isa = PBXFileReference; explicitFileType = wrapper.cfbundle; includeInIndex = 0; path = "数据存储plistTests.xctest"; sourceTree = BUILT_PRODUCTS_DIR; };
		53AF76931AD00370005678D3 /* Info.plist */ = {isa = PBXFileReference; lastKnownFileType = text.plist.xml; path = Info.plist; sourceTree = "<group>"; };
		53AF76941AD00370005678D3 /* ____plistTests.m */ = {isa = PBXFileReference; lastKnownFileType = sourcecode.c.objc; path = "____plistTests.m"; sourceTree = "<group>"; };
/* End PBXFileReference section */

/* Begin PBXFrameworksBuildPhase section */
		53AF76721AD0036F005678D3 /* Frameworks */ = {
			isa = PBXFrameworksBuildPhase;
			buildActionMask = 2147483647;
			files = (
			);
			runOnlyForDeploymentPostprocessing = 0;
		};
		53AF768B1AD00370005678D3 /* Frameworks */ = {
			isa = PBXFrameworksBuildPhase;
			buildActionMask = 2147483647;
			files = (
			);
			runOnlyForDeploymentPostprocessing = 0;
		};
/* End PBXFrameworksBuildPhase section */

/* Begin PBXGroup section */
		53AF766C1AD0036F005678D3 = {
			isa = PBXGroup;
			children = (
				53AF76771AD0036F005678D3 /* 数据存储plist */,
				53AF76911AD00370005678D3 /* 数据存储plistTests */,
				53AF76761AD0036F005678D3 /* Products */,
			);
			sourceTree = "<group>";
		};
		53AF76761AD0036F005678D3 /* Products */ = {
			isa = PBXGroup;
			children = (
				53AF76751AD0036F005678D3 /* 数据存储plist.app */,
				53AF768E1AD00370005678D3 /* 数据存储plistTests.xctest */,
			);
			name = Products;
			sourceTree = "<group>";
		};
		53AF76771AD0036F005678D3 /* 数据存储plist */ = {
			isa = PBXGroup;
			children = (
				53AF767C1AD0036F005678D3 /* AppDelegate.h */,
				53AF767D1AD0036F005678D3 /* AppDelegate.m */,
				53AF767F1AD0036F005678D3 /* ViewController.h */,
				53AF76801AD0036F005678D3 /* ViewController.m */,
				53AF76821AD0036F005678D3 /* Main.storyboard */,
				53AF76851AD0036F005678D3 /* Images.xcassets */,
				53AF76871AD0036F005678D3 /* LaunchScreen.xib */,
				53AF76781AD0036F005678D3 /* Supporting Files */,
			);
			path = "数据存储plist";
			sourceTree = "<group>";
		};
		53AF76781AD0036F005678D3 /* Supporting Files */ = {
			isa = PBXGroup;
			children = (
				53AF76791AD0036F005678D3 /* Info.plist */,
				53AF767A1AD0036F005678D3 /* main.m */,
			);
			name = "Supporting Files";
			sourceTree = "<group>";
		};
		53AF76911AD00370005678D3 /* 数据存储plistTests */ = {
			isa = PBXGroup;
			children = (
				53AF76941AD00370005678D3 /* ____plistTests.m */,
				53AF76921AD00370005678D3 /* Supporting Files */,
			);
			path = "数据存储plistTests";
			sourceTree = "<group>";
		};
		53AF76921AD00370005678D3 /* Supporting Files */ = {
			isa = PBXGroup;
			children = (
				53AF76931AD00370005678D3 /* Info.plist */,
			);
			name = "Supporting Files";
			sourceTree = "<group>";
		};
/* End PBXGroup section */

/* Begin PBXNativeTarget section */
		53AF76741AD0036F005678D3 /* 数据存储plist */ = {
			isa = PBXNativeTarget;
			buildConfigurationList = 53AF76981AD00370005678D3 /* Build configuration list for PBXNativeTarget "数据存储plist" */;
			buildPhases = (
				53AF76711AD0036F005678D3 /* Sources */,
				53AF76721AD0036F005678D3 /* Frameworks */,
				53AF76731AD0036F005678D3 /* Resources */,
			);
			buildRules = (
			);
			dependencies = (
			);
			name = "数据存储plist";
			productName = "数据存储plist";
			productReference = 53AF76751AD0036F005678D3 /* 数据存储plist.app */;
			productType = "com.apple.product-type.application";
		};
		53AF768D1AD00370005678D3 /* 数据存储plistTests */ = {
			isa = PBXNativeTarget;
			buildConfigurationList = 53AF769B1AD00370005678D3 /* Build configuration list for PBXNativeTarget "数据存储plistTests" */;
			buildPhases = (
				53AF768A1AD00370005678D3 /* Sources */,
				53AF768B1AD00370005678D3 /* Frameworks */,
				53AF768C1AD00370005678D3 /* Resources */,
			);
			buildRules = (
			);
			dependencies = (
				53AF76901AD00370005678D3 /* PBXTargetDependency */,
			);
			name = "数据存储plistTests";
			productName = "数据存储plistTests";
			productReference = 53AF768E1AD00370005678D3 /* 数据存储plistTests.xctest */;
			productType = "com.apple.product-type.bundle.unit-test";
		};
/* End PBXNativeTarget section */

/* Begin PBXProject section */
		53AF766D1AD0036F005678D3 /* Project object */ = {
			isa = PBXProject;
			attributes = {
				LastUpgradeCheck = 0620;
				ORGANIZATIONNAME = iqeggandroid;
				TargetAttributes = {
					53AF76741AD0036F005678D3 = {
						CreatedOnToolsVersion = 6.2;
					};
					53AF768D1AD00370005678D3 = {
						CreatedOnToolsVersion = 6.2;
						TestTargetID = 53AF76741AD0036F005678D3;
					};
				};
			};
			buildConfigurationList = 53AF76701AD0036F005678D3 /* Build configuration list for PBXProject "数据存储plist" */;
			compatibilityVersion = "Xcode 3.2";
			developmentRegion = English;
			hasScannedForEncodings = 0;
			knownRegions = (
				en,
				Base,
			);
			mainGroup = 53AF766C1AD0036F005678D3;
			productRefGroup = 53AF76761AD0036F005678D3 /* Products */;
			projectDirPath = "";
			projectRoot = "";
			targets = (
				53AF76741AD0036F005678D3 /* 数据存储plist */,
				53AF768D1AD00370005678D3 /* 数据存储plistTests */,
			);
		};
/* End PBXProject section */

/* Begin PBXResourcesBuildPhase section */
		53AF76731AD0036F005678D3 /* Resources */ = {
			isa = PBXResourcesBuildPhase;
			buildActionMask = 2147483647;
			files = (
				53AF76841AD0036F005678D3 /* Main.storyboard in Resources */,
				53AF76891AD0036F005678D3 /* LaunchScreen.xib in Resources */,
				53AF76861AD0036F005678D3 /* Images.xcassets in Resources */,
			);
			runOnlyForDeploymentPostprocessing = 0;
		};
		53AF768C1AD00370005678D3 /* Resources */ = {
			isa = PBXResourcesBuildPhase;
			buildActionMask = 2147483647;
			files = (
			);
			runOnlyForDeploymentPostprocessing = 0;
		};
/* End PBXResourcesBuildPhase section */

/* Begin PBXSourcesBuildPhase section */
		53AF76711AD0036F005678D3 /* Sources */ = {
			isa = PBXSourcesBuildPhase;
			buildActionMask = 2147483647;
			files = (
				53AF76811AD0036F005678D3 /* ViewController.m in Sources */,
				53AF767E1AD0036F005678D3 /* AppDelegate.m in Sources */,
				53AF767B1AD0036F005678D3 /* main.m in Sources */,
			);
			runOnlyForDeploymentPostprocessing = 0;
		};
		53AF768A1AD00370005678D3 /* Sources */ = {
			isa = PBXSourcesBuildPhase;
			buildActionMask = 2147483647;
			files = (
				53AF76951AD00370005678D3 /* ____plistTests.m in Sources */,
			);
			runOnlyForDeploymentPostprocessing = 0;
		};
/* End PBXSourcesBuildPhase section */

/* Begin PBXTargetDependency section */
		53AF76901AD00370005678D3 /* PBXTargetDependency */ = {
			isa = PBXTargetDependency;
			target = 53AF76741AD0036F005678D3 /* 数据存储plist */;
			targetProxy = 53AF768F1AD00370005678D3 /* PBXContainerItemProxy */;
		};
/* End PBXTargetDependency section */

/* Begin PBXVariantGroup section */
		53AF76821AD0036F005678D3 /* Main.storyboard */ = {
			isa = PBXVariantGroup;
			children = (
				53AF76831AD0036F005678D3 /* Base */,
			);
			name = Main.storyboard;
			sourceTree = "<group>";
		};
		53AF76871AD0036F005678D3 /* LaunchScreen.xib */ = {
			isa = PBXVariantGroup;
			children = (
				53AF76881AD0036F005678D3 /* Base */,
			);
			name = LaunchScreen.xib;
			sourceTree = "<group>";
		};
/* End PBXVariantGroup section */

/* Begin XCBuildConfiguration section */
		53AF76961AD00370005678D3 /* Debug */ = {
			isa = XCBuildConfiguration;
			buildSettings = {
				ALWAYS_SEARCH_USER_PATHS = NO;
				CLANG_CXX_LANGUAGE_STANDARD = "gnu++0x";
				CLANG_CXX_LIBRARY = "libc++";
				CLANG_ENABLE_MODULES = YES;
				CLANG_ENABLE_OBJC_ARC = YES;
				CLANG_WARN_BOOL_CONVERSION = YES;
				CLANG_WARN_CONSTANT_CONVERSION = YES;
				CLANG_WARN_DIRECT_OBJC_ISA_USAGE = YES_ERROR;
				CLANG_WARN_EMPTY_BODY = YES;
				CLANG_WARN_ENUM_CONVERSION = YES;
				CLANG_WARN_INT_CONVERSION = YES;
				CLANG_WARN_OBJC_ROOT_CLASS = YES_ERROR;
				CLANG_WARN_UNREACHABLE_CODE = YES;
				CLANG_WARN__DUPLICATE_METHOD_MATCH = YES;
				"CODE_SIGN_IDENTITY[sdk=iphoneos*]" = "iPhone Developer";
				COPY_PHASE_STRIP = NO;
				ENABLE_STRICT_OBJC_MSGSEND = YES;
				GCC_C_LANGUAGE_STANDARD = gnu99;
				GCC_DYNAMIC_NO_PIC = NO;
				GCC_OPTIMIZATION_LEVEL = 0;
				GCC_PREPROCESSOR_DEFINITIONS = (
					"DEBUG=1",
					"$(inherited)",
				);
				GCC_SYMBOLS_PRIVATE_EXTERN = NO;
				GCC_WARN_64_TO_32_BIT_CONVERSION = YES;
				GCC_WARN_ABOUT_RETURN_TYPE = YES_ERROR;
				GCC_WARN_UNDECLARED_SELECTOR = YES;
				GCC_WARN_UNINITIALIZED_AUTOS = YES_AGGRESSIVE;
				GCC_WARN_UNUSED_FUNCTION = YES;
				GCC_WARN_UNUSED_VARIABLE = YES;
				IPHONEOS_DEPLOYMENT_TARGET = 8.2;
				MTL_ENABLE_DEBUG_INFO = YES;
				ONLY_ACTIVE_ARCH = YES;
				SDKROOT = iphoneos;
				TARGETED_DEVICE_FAMILY = "1,2";
			};
			name = Debug;
		};
		53AF76971AD00370005678D3 /* Release */ = {
			isa = XCBuildConfiguration;
			buildSettings = {
				ALWAYS_SEARCH_USER_PATHS = NO;
				CLANG_CXX_LANGUAGE_STANDARD = "gnu++0x";
				CLANG_CXX_LIBRARY = "libc++";
				CLANG_ENABLE_MODULES = YES;
				CLANG_ENABLE_OBJC_ARC = YES;
				CLANG_WARN_BOOL_CONVERSION = YES;
				CLANG_WARN_CONSTANT_CONVERSION = YES;
				CLANG_WARN_DIRECT_OBJC_ISA_USAGE = YES_ERROR;
				CLANG_WARN_EMPTY_BODY = YES;
				CLANG_WARN_ENUM_CONVERSION = YES;
				CLANG_WARN_INT_CONVERSION = YES;
				CLANG_WARN_OBJC_ROOT_CLASS = YES_ERROR;
				CLANG_WARN_UNREACHABLE_CODE = YES;
				CLANG_WARN__DUPLICATE_METHOD_MATCH = YES;
				"CODE_SIGN_IDENTITY[sdk=iphoneos*]" = "iPhone Developer";
				COPY_PHASE_STRIP = NO;
				ENABLE_NS_ASSERTIONS = NO;
				ENABLE_STRICT_OBJC_MSGSEND = YES;
				GCC_C_LANGUAGE_STANDARD = gnu99;
				GCC_WARN_64_TO_32_BIT_CONVERSION = YES;
				GCC_WARN_ABOUT_RETURN_TYPE = YES_ERROR;
				GCC_WARN_UNDECLARED_SELECTOR = YES;
				GCC_WARN_UNINITIALIZED_AUTOS = YES_AGGRESSIVE;
				GCC_WARN_UNUSED_FUNCTION = YES;
				GCC_WARN_UNUSED_VARIABLE = YES;
				IPHONEOS_DEPLOYMENT_TARGET = 8.2;
				MTL_ENABLE_DEBUG_INFO = NO;
				SDKROOT = iphoneos;
				TARGETED_DEVICE_FAMILY = "1,2";
				VALIDATE_PRODUCT = YES;
			};
			name = Release;
		};
		53AF76991AD00370005678D3 /* Debug */ = {
			isa = XCBuildConfiguration;
			buildSettings = {
				ASSETCATALOG_COMPILER_APPICON_NAME = AppIcon;
				INFOPLIST_FILE = "数据存储plist/Info.plist";
				LD_RUNPATH_SEARCH_PATHS = "$(inherited) @executable_path/Frameworks";
				PRODUCT_NAME = "$(TARGET_NAME)";
			};
			name = Debug;
		};
		53AF769A1AD00370005678D3 /* Release */ = {
			isa = XCBuildConfiguration;
			buildSettings = {
				ASSETCATALOG_COMPILER_APPICON_NAME = AppIcon;
				INFOPLIST_FILE = "数据存储plist/Info.plist";
				LD_RUNPATH_SEARCH_PATHS = "$(inherited) @executable_path/Frameworks";
				PRODUCT_NAME = "$(TARGET_NAME)";
			};
			name = Release;
		};
		53AF769C1AD00370005678D3 /* Debug */ = {
			isa = XCBuildConfiguration;
			buildSettings = {
				BUNDLE_LOADER = "$(TEST_HOST)";
				FRAMEWORK_SEARCH_PATHS = (
					"$(SDKROOT)/Developer/Library/Frameworks",
					"$(inherited)",
				);
				GCC_PREPROCESSOR_DEFINITIONS = (
					"DEBUG=1",
					"$(inherited)",
				);
				INFOPLIST_FILE = "数据存储plistTests/Info.plist";
				LD_RUNPATH_SEARCH_PATHS = "$(inherited) @executable_path/Frameworks @loader_path/Frameworks";
				PRODUCT_NAME = "$(TARGET_NAME)";
				TEST_HOST = "$(BUILT_PRODUCTS_DIR)/数据存储plist.app/数据存储plist";
			};
			name = Debug;
		};
		53AF769D1AD00370005678D3 /* Release */ = {
			isa = XCBuildConfiguration;
			buildSettings = {
				BUNDLE_LOADER = "$(TEST_HOST)";
				FRAMEWORK_SEARCH_PATHS = (
					"$(SDKROOT)/Developer/Library/Frameworks",
					"$(inherited)",
				);
				INFOPLIST_FILE = "数据存储plistTests/Info.plist";
				LD_RUNPATH_SEARCH_PATHS = "$(inherited) @executable_path/Frameworks @loader_path/Frameworks";
				PRODUCT_NAME = "$(TARGET_NAME)";
				TEST_HOST = "$(BUILT_PRODUCTS_DIR)/数据存储plist.app/数据存储plist";
			};
			name = Release;
		};
/* End XCBuildConfiguration section */

/* Begin XCConfigurationList section */
		53AF76701AD0036F005678D3 /* Build configuration list for PBXProject "数据存储plist" */ = {
			isa = XCConfigurationList;
			buildConfigurations = (
				53AF76961AD00370005678D3 /* Debug */,
				53AF76971AD00370005678D3 /* Release */,
			);
			defaultConfigurationIsVisible = 0;
			defaultConfigurationName = Release;
		};
		53AF76981AD00370005678D3 /* Build configuration list for PBXNativeTarget "数据存储plist" */ = {
			isa = XCConfigurationList;
			buildConfigurations = (
				53AF76991AD00370005678D3 /* Debug */,
				53AF769A1AD00370005678D3 /* Release */,
			);
			defaultConfigurationIsVisible = 0;
		};
		53AF769B1AD00370005678D3 /* Build configuration list for PBXNativeTarget "数据存储plistTests" */ = {
			isa = XCConfigurationList;
			buildConfigurations = (
				53AF769C1AD00370005678D3 /* Debug */,
				53AF769D1AD00370005678D3 /* Release */,
			);
			defaultConfigurationIsVisible = 0;
		};
/* End XCConfigurationList section */
	};
	rootObject = 53AF766D1AD0036F005678D3 /* Project object */;
}
